# This file is automatically @generated by Poetry 2.4.1 and should not be changed by hand.

[[package]]
name = "annotated-doc"
version = "0.0.4"
description = "Document parameters, class attributes, return types, and variables inline, with Annotated."
optional = false
python-versions = ">=3.8"
groups = ["main"]
files = [
    {file = "annotated_doc-0.0.4-py3-none-any.whl", hash = "sha256:571ac1dc6991c450b25a9c2d84a3705e2ae7a53467b5d111c24fa8baabbed320"},
    {file = "annotated_doc-0.0.4.tar.gz", hash = "sha256:fbcda96e87e9c92ad167c2e53839e57503ecfda18804ea28102353485033faa4"},
]

[[package]]
name = "certifi"
version = "2026.5.20"
description = "Python package for providing Mozilla's CA Bundle."
optional = false
python-versions = ">=3.7"
groups = ["main"]
files = [
    {file = "certifi-2026.5.20-py3-none-any.whl", hash = "sha256:3c52e209ba0a4ad7aebe60436a4ab349c39e1e602e8c134221e546902ad25897"},
    {file = "certifi-2026.5.20.tar.gz", hash = "sha256:69dea482ab64caa7b9f6aba1c6bf48bb6a5448d1c0f1b17ab42ad8c763a5344d"},
]

[[package]]
name = "charset-normalizer"
version = "3.4.7"
description = "The Real First Universal Charset Detector. Open, modern and actively maintained alternative to Chardet."
optional = false
python-versions = ">=3.7"
groups = ["main"]
files = [
    {file = "charset_normalizer-3.4.7-cp310-cp310-macosx_10_9_universal2.whl", hash = "sha256:cdd68a1fb318e290a2077696b7eb7a21a49163c455979c639bf5a5dcdc46617d"},
    {file = "charset_normalizer-3.4.7-cp310-cp310-manylinux2014_aarch64.manylinux_2_17_aarch64.manylinux_2_28_aarch64.whl", hash = "sha256:e17b8d5d6a8c47c85e68ca8379def1303fd360c3e22093a807cd34a71cd082b8"},
    {file = "charset_normalizer-3.4.7-cp310-cp310-manylinux2014_ppc64le.manylinux_2_17_ppc64le.manylinux_2_28_ppc64le.whl", hash = "sha256:511ef87c8aec0783e08ac18565a16d435372bc1ac25a91e6ac7f5ef2b0bff790"},
    {file = "charset_normalizer-3.4.7-cp310-cp310-manylinux2014_s390x.manylinux_2_17_s390x.manylinux_2_28_s390x.whl", hash = "sha256:007d05ec7321d12a40227aae9e2bc6dca73f3cb21058999a1df9e193555a9dcc"},
    {file = "charset_normalizer-3.4.7-cp310-cp310-manylinux2014_x86_64.manylinux_2_17_x86_64.manylinux_2_28_x86_64.whl", hash = "sha256:cf29836da5119f3c8a8a70667b0ef5fdca3bb12f80fd06487cfa575b3909b393"},
    {file = "charset_normalizer-3.4.7-cp310-cp310-manylinux_2_31_armv7l.whl", hash = "sha256:12d8baf840cc7889b37c7c770f478adea7adce3dcb3944d02ec87508e2dcf153"},
    {file = "charset_normalizer-3.4.7-cp310-cp310-manylinux_2_31_riscv64.manylinux_2_39_riscv64.whl", hash = "sha256:d560742f3c0d62afaccf9f41fe485ed69bd7661a241f86a3ef0f0fb8b1a397af"},
    {file = "charset_normalizer-3.4.7-cp310-cp310-musllinux_1_2_aarch64.whl", hash = "sha256:b14b2d9dac08e28bb8046a1a0434b1750eb221c8f5b87a68f4fa11a6f97b5e34"},
    {file = "charset_normalizer-3.4.7-cp310-cp310-musllinux_1_2_armv7l.whl", hash = "sha256:bc17a677b21b3502a21f66a8cc64f5bfad4df8a0b8434d661666f8ce90ac3af1"},
    {file = "charset_normalizer-3.4.7-cp310-cp310-musllinux_1_2_ppc64le.whl", hash = "sha256:750e02e074872a3fad7f233b47734166440af3cdea0add3e95163110816d6752"},
    {file = "charset_normalizer-3.4.7-cp310-cp310-musllinux_1_2_riscv64.whl", hash = "sha256:4e5163c14bffd570ef2affbfdd77bba66383890797df43dc8b4cc7d6f500bf53"},
    {file = "charset_normalizer-3.4.7-cp310-cp310-musllinux_1_2_s390x.whl", hash = "sha256:6ed74185b2db44f41ef35fd1617c5888e59792da9bbc9190d6c7300617182616"},
    {file = "charset_normalizer-3.4.7-cp310-cp310-musllinux_1_2_x86_64.whl", hash = "sha256:94e1885b270625a9a828c9793b4d52a64445299baa1fea5a173bf1d3dd9a1a5a"},
    {file = "charset_normalizer-3.4.7-cp310-cp310-win32.whl", hash = "sha256:6785f414ae0f3c733c437e0f3929197934f526d19dfaa75e18fdb4f94c6fb374"},
    {file = "charset_normalizer-3.4.7-cp310-cp310-win_amd64.whl", hash = "sha256:6696b7688f54f5af4462118f0bfa7c1621eeb87154f77fa04b9295ce7a8f2943"},
    {file = "charset_normalizer-3.4.7-cp310-cp310-win_arm64.whl", hash = "sha256:66671f93accb62ed07da56613636f3641f1a12c13046ce91ffc923721f23c008"},
    {file = "charset_normalizer-3.4.7-cp311-cp311-macosx_10_9_universal2.whl", hash = "sha256:7641bb8895e77f921102f72833904dcd9901df5d6d72a2ab8f31d04b7e51e4e7"},
    {file = "charset_normalizer-3.4.7-cp311-cp311-manylinux2014_aarch64.manylinux_2_17_aarch64.manylinux_2_28_aarch64.whl", hash = "sha256:202389074300232baeb53ae2569a60901f7efadd4245cf3a3bf0617d60b439d7"},
    {file = "charset_normalizer-3.4.7-cp311-cp311-manylinux2014_ppc64le.manylinux_2_17_ppc64le.manylinux_2_28_ppc64le.whl", hash = "sha256:30b8d1d8c52a48c2c5690e152c169b673487a2a58de1ec7393196753063fcd5e"},
    {file = "charset_normalizer-3.4.7-cp311-cp311-manylinux2014_s390x.manylinux_2_17_s390x.manylinux_2_28_s390x.whl", hash = "sha256:532bc9bf33a68613fd7d65e4b1c71a6a38d7d42604ecf239c77392e9b4e8998c"},
    {file = "charset_normalizer-3.4.7-cp311-cp311-manylinux2014_x86_64.manylinux_2_17_x86_64.manylinux_2_28_x86_64.whl", hash = "sha256:2fe249cb4651fd12605b7288b24751d8bfd46d35f12a20b1ba33dea122e690df"},
    {file = "charset_normalizer-3.4.7-cp311-cp311-manylinux_2_31_armv7l.whl", hash = "sha256:65bcd23054beab4d166035cabbc868a09c1a49d1efe458fe8e4361215df40265"},
    {file = "charset_normalizer-3.4.7-cp311-cp311-manylinux_2_31_riscv64.manylinux_2_39_riscv64.whl", hash = "sha256:08e721811161356f97b4059a9ba7bafb23ea5ee2255402c42881c214e173c6b4"},
    {file = "charset_normalizer-3.4.7-cp311-cp311-musllinux_1_2_aarch64.whl", hash = "sha256:e060d01aec0a910bdccb8be71faf34e7799ce36950f8294c8bf612cba65a2c9e"},
    {file = "charset_normalizer-3.4.7-cp311-cp311-musllinux_1_2_armv7l.whl", hash = "sha256:38c0109396c4cfc574d502df99742a45c72c08eff0a36158b6f04000043dbf38"},
    {file = "charset_normalizer-3.4.7-cp311-cp311-musllinux_1_2_ppc64le.whl", hash = "sha256:1c2a768fdd44ee4a9339a9b0b130049139b8ce3c01d2ce09f67f5a68048d477c"},
    {file = "charset_normalizer-3.4.7-cp311-cp311-musllinux_1_2_riscv64.whl", hash = "sha256:1a87ca9d5df6fe460483d9a5bbf2b18f620cbed41b432e2bddb686228282d10b"},
    {file = "charset_normalizer-3.4.7-cp311-cp311-musllinux_1_2_s390x.whl", hash = "sha256:d635aab80466bc95771bb78d5370e74d36d1fe31467b6b29b8b57b2a3cd7d22c"},
    {file = "charset_normalizer-3.4.7-cp311-cp311-musllinux_1_2_x86_64.whl", hash = "sha256:ae196f021b5e7c78e918242d217db021ed2a6ace2bc6ae94c0fc596221c7f58d"},
    {file = "charset_normalizer-3.4.7-cp311-cp311-win32.whl", hash = "sha256:adb2597b428735679446b46c8badf467b4ca5f5056aae4d51a19f9570301b1ad"},
    {file = "charset_normalizer-3.4.7-cp311-cp311-win_amd64.whl", hash = "sha256:8e385e4267ab76874ae30db04c627faaaf0b509e1ccc11a95b3fc3e83f855c00"},
    {file = "charset_normalizer-3.4.7-cp311-cp311-win_arm64.whl", hash = "sha256:d4a48e5b3c2a489fae013b7589308a40146ee081f6f509e047e0e096084ceca1"},
    {file = "charset_normalizer-3.4.7-cp312-cp312-macosx_10_13_universal2.whl", hash = "sha256:eca9705049ad3c7345d574e3510665cb2cf844c2f2dcfe675332677f081cbd46"},
    {file = "charset_normalizer-3.4.7-cp312-cp312-manylinux2014_aarch64.manylinux_2_17_aarch64.manylinux_2_28_aarch64.whl", hash = "sha256:6178f72c5508bfc5fd446a5905e698c6212932f25bcdd4b47a757a50605a90e2"},
    {file = "charset_normalizer-3.4.7-cp312-cp312-manylinux2014_ppc64le.manylinux_2_17_ppc64le.manylinux_2_28_ppc64le.whl", hash = "sha256:e1421b502d83040e6d7fb2fb18dff63957f720da3d77b2fbd3187ceb63755d7b"},
    {file = "charset_normalizer-3.4.7-cp312-cp312-manylinux2014_s390x.manylinux_2_17_s390x.manylinux_2_28_s390x.whl", hash = "sha256:edac0f1ab77644605be2cbba52e6b7f630731fc42b34cb0f634be1a6eface56a"},
    {file = "charset_normalizer-3.4.7-cp312-cp312-manylinux2014_x86_64.manylinux_2_17_x86_64.manylinux_2_28_x86_64.whl", hash = "sha256:5649fd1c7bade02f320a462fdefd0b4bd3ce036065836d4f42e0de958038e116"},
    {file = "charset_normalizer-3.4.7-cp312-cp312-manylinux_2_31_armv7l.whl", hash = "sha256:203104ed3e428044fd943bc4bf45fa73c0730391f9621e37fe39ecf477b128cb"},
    {file = "charset_normalizer-3.4.7-cp312-cp312-manylinux_2_31_riscv64.manylinux_2_39_riscv64.whl", hash = "sha256:298930cec56029e05497a76988377cbd7457ba864beeea92ad7e844fe74cd1f1"},
    {file = "charset_normalizer-3.4.7-cp312-cp312-musllinux_1_2_aarch64.whl", hash = "sha256:708838739abf24b2ceb208d0e22403dd018faeef86ddac04319a62ae884c4f15"},
    {file = "charset_normalizer-3.4.7-cp312-cp312-musllinux_1_2_armv7l.whl", hash = "sha256:0f7eb884681e3938906ed0434f20c63046eacd0111c4ba96f27b76084cd679f5"},
    {file = "charset_normalizer-3.4.7-cp312-cp312-musllinux_1_2_ppc64le.whl", hash = "sha256:4dc1e73c36828f982bfe79fadf5919923f8a6f4df2860804db9a98c48824ce8d"},
    {file = "charset_normalizer-3.4.7-cp312-cp312-musllinux_1_2_riscv64.whl", hash = "sha256:aed52fea0513bac0ccde438c188c8a471c4e0f457c2dd20cdbf6ea7a450046c7"},
    {file = "charset_normalizer-3.4.7-cp312-cp312-musllinux_1_2_s390x.whl", hash = "sha256:fea24543955a6a729c45a73fe90e08c743f0b3334bbf3201e6c4bc1b0c7fa464"},
    {file = "charset_normalizer-3.4.7-cp312-cp312-musllinux_1_2_x86_64.whl", hash = "sha256:bb6d88045545b26da47aa879dd4a89a71d1dce0f0e549b1abcb31dfe4a8eac49"},
    {file = "charset_normalizer-3.4.7-cp312-cp312-win32.whl", hash = "sha256:2257141f39fe65a3fdf38aeccae4b953e5f3b3324f4ff0daf9f15b8518666a2c"},
    {file = "charset_normalizer-3.4.7-cp312-cp312-win_amd64.whl", hash = "sha256:5ed6ab538499c8644b8a3e18debabcd7ce684f3fa91cf867521a7a0279cab2d6"},
    {file = "charset_normalizer-3.4.7-cp312-cp312-win_arm64.whl", hash = "sha256:56be790f86bfb2c98fb742ce566dfb4816e5a83384616ab59c49e0604d49c51d"},
    {file = "charset_normalizer-3.4.7-cp313-cp313-macosx_10_13_universal2.whl", hash = "sha256:f496c9c3cc02230093d8330875c4c3cdfc3b73612a5fd921c65d39cbcef08063"},
    {file = "charset_normalizer-3.4.7-cp313-cp313-manylinux2014_aarch64.manylinux_2_17_aarch64.manylinux_2_28_aarch64.whl", hash = "sha256:0ea948db76d31190bf08bd371623927ee1339d5f2a0b4b1b4a4439a65298703c"},
    {file = "charset_normalizer-3.4.7-cp313-cp313-manylinux2014_ppc64le.manylinux_2_17_ppc64le.manylinux_2_28_ppc64le.whl", hash = "sha256:a277ab8928b9f299723bc1a2dabb1265911b1a76341f90a510368ca44ad9ab66"},
    {file = "charset_normalizer-3.4.7-cp313-cp313-manylinux2014_s390x.manylinux_2_17_s390x.manylinux_2_28_s390x.whl", hash = "sha256:3bec022aec2c514d9cf199522a802bd007cd588ab17ab2525f20f9c34d067c18"},
    {file = "charset_normalizer-3.4.7-cp313-cp313-manylinux2014_x86_64.manylinux_2_17_x86_64.manylinux_2_28_x86_64.whl", hash = "sha256:e044c39e41b92c845bc815e5ae4230804e8e7bc29e399b0437d64222d92809dd"},
    {file = "charset_normalizer-3.4.7-cp313-cp313-manylinux_2_31_armv7l.whl", hash = "sha256:f495a1652cf3fbab2eb0639776dad966c2fb874d79d87ca07f9d5f059b8bd215"},
    {file = "charset_normalizer-3.4.7-cp313-cp313-manylinux_2_31_riscv64.manylinux_2_39_riscv64.whl", hash = "sha256:e712b419df8ba5e42b226c510472b37bd57b38e897d3eca5e8cfd410a29fa859"},
    {file = "charset_normalizer-3.4.7-cp313-cp313-musllinux_1_2_aarch64.whl", hash = "sha256:7804338df6fcc08105c7745f1502ba68d900f45fd770d5bdd5288ddccb8a42d8"},
    {file = "charset_normalizer-3.4.7-cp313-cp313-musllinux_1_2_armv7l.whl", hash = "sha256:481551899c856c704d58119b5025793fa6730adda3571971af568f66d2424bb5"},
    {file = "charset_normalizer-3.4.7-cp313-cp313-musllinux_1_2_ppc64le.whl", hash = "sha256:f59099f9b66f0d7145115e6f80dd8b1d847176df89b234a5a6b3f00437aa0832"},
    {file = "charset_normalizer-3.4.7-cp313-cp313-musllinux_1_2_riscv64.whl", hash = "sha256:f59ad4c0e8f6bba240a9bb85504faa1ab438237199d4cce5f622761507b8f6a6"},
    {file = "charset_normalizer-3.4.7-cp313-cp313-musllinux_1_2_s390x.whl", hash = "sha256:3dedcc22d73ec993f42055eff4fcfed9318d1eeb9a6606c55892a26964964e48"},
    {file = "charset_normalizer-3.4.7-cp313-cp313-musllinux_1_2_x86_64.whl", hash = "sha256:64f02c6841d7d83f832cd97ccf8eb8a906d06eb95d5276069175c696b024b60a"},
    {file = "charset_normalizer-3.4.7-cp313-cp313-win32.whl", hash = "sha256:4042d5c8f957e15221d423ba781e85d553722fc4113f523f2feb7b188cc34c5e"},
    {file = "charset_normalizer-3.4.7-cp313-cp313-win_amd64.whl", hash = "sha256:3946fa46a0cf3e4c8cb1cc52f56bb536310d34f25f01ca9b6c16afa767dab110"},
    {file = "charset_normalizer-3.4.7-cp313-cp313-win_arm64.whl", hash = "sha256:80d04837f55fc81da168b98de4f4b797ef007fc8a79ab71c6ec9bc4dd662b15b"},
    {file = "charset_normalizer-3.4.7-cp314-cp314-macosx_10_15_universal2.whl", hash = "sha256:c36c333c39be2dbca264d7803333c896ab8fa7d4d6f0ab7edb7dfd7aea6e98c0"},
    {file = "charset_normalizer-3.4.7-cp314-cp314-manylinux2014_aarch64.manylinux_2_17_aarch64.manylinux_2_28_aarch64.whl", hash = "sha256:1c2aed2e5e41f24ea8ef1590b8e848a79b56f3a5564a65ceec43c9d692dc7d8a"},
    {file = "charset_normalizer-3.4.7-cp314-cp314-manylinux2014_ppc64le.manylinux_2_17_ppc64le.manylinux_2_28_ppc64le.whl", hash = "sha256:54523e136b8948060c0fa0bc7b1b50c32c186f2fceee897a495406bb6e311d2b"},
    {file = "charset_normalizer-3.4.7-cp314-cp314-manylinux2014_s390x.manylinux_2_17_s390x.manylinux_2_28_s390x.whl", hash = "sha256:715479b9a2802ecac752a3b0efa2b0b60285cf962ee38414211abdfccc233b41"},
    {file = "charset_normalizer-3.4.7-cp314-cp314-manylinux2014_x86_64.manylinux_2_17_x86_64.manylinux_2_28_x86_64.whl", hash = "sha256:bd6c2a1c7573c64738d716488d2cdd3c00e340e4835707d8fdb8dc1a66ef164e"},
    {file = "charset_normalizer-3.4.7-cp314-cp314-manylinux_2_31_armv7l.whl", hash = "sha256:c45e9440fb78f8ddabcf714b68f936737a121355bf59f3907f4e17721b9d1aae"},
    {file = "charset_normalizer-3.4.7-cp314-cp314-manylinux_2_31_riscv64.manylinux_2_39_riscv64.whl", hash = "sha256:3534e7dcbdcf757da6b85a0bbf5b6868786d5982dd959b065e65481644817a18"},
    {file = "charset_normalizer-3.4.7-cp314-cp314-musllinux_1_2_aarch64.whl", hash = "sha256:e8ac484bf18ce6975760921bb6148041faa8fef0547200386ea0b52b5d27bf7b"},
    {file = "charset_normalizer-3.4.7-cp314-cp314-musllinux_1_2_armv7l.whl", hash = "sha256:a5fe03b42827c13cdccd08e6c0247b6a6d4b5e3cdc53fd1749f5896adcdc2356"},
    {file = "charset_normalizer-3.4.7-cp314-cp314-musllinux_1_2_ppc64le.whl", hash = "sha256:2d6eb928e13016cea4f1f21d1e10c1cebd5a421bc57ddf5b1142ae3f86824fab"},
    {file = "charset_normalizer-3.4.7-cp314-cp314-musllinux_1_2_riscv64.whl", hash = "sha256:e74327fb75de8986940def6e8dee4f127cc9752bee7355bb323cc5b2659b6d46"},
    {file = "charset_normalizer-3.4.7-cp314-cp314-musllinux_1_2_s390x.whl", hash = "sha256:d6038d37043bced98a66e68d3aa2b6a35505dc01328cd65217cefe82f25def44"},
    {file = "charset_normalizer-3.4.7-cp314-cp314-musllinux_1_2_x86_64.whl", hash = "sha256:7579e913a5339fb8fa133f6bbcfd8e6749696206cf05acdbdca71a1b436d8e72"},
    {file = "charset_normalizer-3.4.7-cp314-cp314-win32.whl", hash = "sha256:5b77459df20e08151cd6f8b9ef8ef1f961ef73d85c21a555c7eed5b79410ec10"},
    {file = "charset_normalizer-3.4.7-cp314-cp314-win_amd64.whl", hash = "sha256:92a0a01ead5e668468e952e4238cccd7c537364eb7d851ab144ab6627dbbe12f"},
    {file = "charset_normalizer-3.4.7-cp314-cp314-win_arm64.whl", hash = "sha256:67f6279d125ca0046a7fd386d01b311c6363844deac3e5b069b514ba3e63c246"},
    {file = "charset_normalizer-3.4.7-cp314-cp314t-macosx_10_15_universal2.whl", hash = "sha256:effc3f449787117233702311a1b7d8f59cba9ced946ba727bdc329ec69028e24"},
    {file = "charset_normalizer-3.4.7-cp314-cp314t-manylinux2014_aarch64.manylinux_2_17_aarch64.manylinux_2_28_aarch64.whl", hash = "sha256:fbccdc05410c9ee21bbf16a35f4c1d16123dcdeb8a1d38f33654fa21d0234f79"},
    {file = "charset_normalizer-3.4.7-cp314-cp314t-manylinux2014_ppc64le.manylinux_2_17_ppc64le.manylinux_2_28_ppc64le.whl", hash = "sha256:733784b6d6def852c814bce5f318d25da2ee65dd4839a0718641c696e09a2960"},
    {file = "charset_normalizer-3.4.7-cp314-cp314t-manylinux2014_s390x.manylinux_2_17_s390x.manylinux_2_28_s390x.whl", hash = "sha256:a89c23ef8d2c6b27fd200a42aa4ac72786e7c60d40efdc76e6011260b6e949c4"},
    {file = "charset_normalizer-3.4.7-cp314-cp314t-manylinux2014_x86_64.manylinux_2_17_x86_64.manylinux_2_28_x86_64.whl", hash = "sha256:6c114670c45346afedc0d947faf3c7f701051d2518b943679c8ff88befe14f8e"},
    {file = "charset_normalizer-3.4.7-cp314-cp314t-manylinux_2_31_armv7l.whl", hash = "sha256:a180c5e59792af262bf263b21a3c49353f25945d8d9f70628e73de370d55e1e1"},
    {file = "charset_normalizer-3.4.7-cp314-cp314t-manylinux_2_31_riscv64.manylinux_2_39_riscv64.whl", hash = "sha256:3c9a494bc5ec77d43cea229c4f6db1e4d8fe7e1bbffa8b6f0f0032430ff8ab44"},
    {file = "charset_normalizer-3.4.7-cp314-cp314t-musllinux_1_2_aarch64.whl", hash = "sha256:8d828b6667a32a728a1ad1d93957cdf37489c57b97ae6c4de2860fa749b8fc1e"},
    {file = "charset_normalizer-3.4.7-cp314-cp314t-musllinux_1_2_armv7l.whl", hash = "sha256:cf1493cd8607bec4d8a7b9b004e699fcf8f9103a9284cc94962cb73d20f9d4a3"},
    {file = "charset_normalizer-3.4.7-cp314-cp314t-musllinux_1_2_ppc64le.whl", hash = "sha256:0c96c3b819b5c3e9e165495db84d41914d6894d55181d2d108cc1a69bfc9cce0"},
    {file = "charset_normalizer-3.4.7-cp314-cp314t-musllinux_1_2_riscv64.whl", hash = "sha256:752a45dc4a6934060b3b0dab47e04edc3326575f82be64bc4fc293914566503e"},
    {file = "charset_normalizer-3.4.7-cp314-cp314t-musllinux_1_2_s390x.whl", hash = "sha256:8778f0c7a52e56f75d12dae53ae320fae900a8b9b4164b981b9c5ce059cd1fcb"},
    {file = "charset_normalizer-3.4.7-cp314-cp314t-musllinux_1_2_x86_64.whl", hash = "sha256:ce3412fbe1e31eb81ea42f4169ed94861c56e643189e1e75f0041f3fe7020abe"},
    {file = "charset_normalizer-3.4.7-cp314-cp314t-win32.whl", hash = "sha256:c03a41a8784091e67a39648f70c5f97b5b6a37f216896d44d2cdcb82615339a0"},
    {file = "charset_normalizer-3.4.7-cp314-cp314t-win_amd64.whl", hash = "sha256:03853ed82eeebbce3c2abfdbc98c96dc205f32a79627688ac9a27370ea61a49c"},
    {file = "charset_normalizer-3.4.7-cp314-cp314t-win_arm64.whl", hash = "sha256:c35abb8bfff0185efac5878da64c45dafd2b37fb0383add1be155a763c1f083d"},
    {file = "charset_normalizer-3.4.7-cp38-cp38-macosx_10_9_universal2.whl", hash = "sha256:e5f4d355f0a2b1a31bc3edec6795b46324349c9cb25eed068049e4f472fb4259"},
    {file = "charset_normalizer-3.4.7-cp38-cp38-manylinux2014_aarch64.manylinux_2_17_aarch64.manylinux_2_28_aarch64.whl", hash = "sha256:16d971e29578a5e97d7117866d15889a4a07befe0e87e703ed63cd90cb348c01"},
    {file = "charset_normalizer-3.4.7-cp38-cp38-manylinux2014_ppc64le.manylinux_2_17_ppc64le.manylinux_2_28_ppc64le.whl", hash = "sha256:dca4bbc466a95ba9c0234ef56d7dd9509f63da22274589ebd4ed7f1f4d4c54e3"},
    {file = "charset_normalizer-3.4.7-cp38-cp38-manylinux2014_s390x.manylinux_2_17_s390x.manylinux_2_28_s390x.whl", hash = "sha256:e80c8378d8f3d83cd3164da1ad2df9e37a666cdde7b1cb2298ed0b558064be30"},
    {file = "charset_normalizer-3.4.7-cp38-cp38-manylinux2014_x86_64.manylinux_2_17_x86_64.manylinux_2_28_x86_64.whl", hash = "sha256:36836d6ff945a00b88ba1e4572d721e60b5b8c98c155d465f56ad19d68f23734"},
    {file = "charset_normalizer-3.4.7-cp38-cp38-manylinux_2_31_armv7l.whl", hash = "sha256:bd9b23791fe793e4968dba0c447e12f78e425c59fc0e3b97f6450f4781f3ee60"},
    {file = "charset_normalizer-3.4.7-cp38-cp38-manylinux_2_31_riscv64.manylinux_2_39_riscv64.whl", hash = "sha256:aef65cd602a6d0e0ff6f9930fcb1c8fec60dd2cfcb6facaf4bdb0e5873042db0"},
    {file = "charset_normalizer-3.4.7-cp38-cp38-musllinux_1_2_aarch64.whl", hash = "sha256:82b271f5137d07749f7bf32f70b17ab6eaabedd297e75dce75081a24f76eb545"},
    {file = "charset_normalizer-3.4.7-cp38-cp38-musllinux_1_2_armv7l.whl", hash = "sha256:1efde3cae86c8c273f1eb3b287be7d8499420cf2fe7585c41d370d3e790054a5"},
    {file = "charset_normalizer-3.4.7-cp38-cp38-musllinux_1_2_ppc64le.whl", hash = "sha256:c593052c465475e64bbfe5dbd81680f64a67fdc752c56d7a0ae205dc8aeefe0f"},
    {file = "charset_normalizer-3.4.7-cp38-cp38-musllinux_1_2_riscv64.whl", hash = "sha256:af21eb4409a119e365397b2adbaca4c9ccab56543a65d5dbd9f920d6ac29f686"},
    {file = "charset_normalizer-3.4.7-cp38-cp38-musllinux_1_2_s390x.whl", hash = "sha256:84c018e49c3bf790f9c2771c45e9313a08c2c2a6342b162cd650258b57817706"},
    {file = "charset_normalizer-3.4.7-cp38-cp38-musllinux_1_2_x86_64.whl", hash = "sha256:dd915403e231e6b1809fe9b6d9fc55cf8fb5e02765ac625d9cd623342a7905d7"},
    {file = "charset_normalizer-3.4.7-cp38-cp38-win32.whl", hash = "sha256:320ade88cfb846b8cd6b4ddf5ee9e80ee0c1f52401f2456b84ae1ae6a1a5f207"},
    {file = "charset_normalizer-3.4.7-cp38-cp38-win_amd64.whl", hash = "sha256:1dc8b0ea451d6e69735094606991f32867807881400f808a106ee1d963c46a83"},
    {file = "charset_normalizer-3.4.7-cp39-cp39-macosx_10_9_universal2.whl", hash = "sha256:177a0ba5f0211d488e295aaf82707237e331c24788d8d76c96c5a41594723217"},
    {file = "charset_normalizer-3.4.7-cp39-cp39-manylinux2014_aarch64.manylinux_2_17_aarch64.manylinux_2_28_aarch64.whl", hash = "sha256:6e0d51f618228538a3e8f46bd246f87a6cd030565e015803691603f55e12afb5"},
    {file = "charset_normalizer-3.4.7-cp39-cp39-manylinux2014_ppc64le.manylinux_2_17_ppc64le.manylinux_2_28_ppc64le.whl", hash = "sha256:14265bfe1f09498b9d8ec91e9ec9fa52775edf90fcbde092b25f4a33d444fea9"},
    {file = "charset_normalizer-3.4.7-cp39-cp39-manylinux2014_s390x.manylinux_2_17_s390x.manylinux_2_28_s390x.whl", hash = "sha256:87fad7d9ba98c86bcb41b2dc8dbb326619be2562af1f8ff50776a39e55721c5a"},
    {file = "charset_normalizer-3.4.7-cp39-cp39-manylinux2014_x86_64.manylinux_2_17_x86_64.manylinux_2_28_x86_64.whl", hash = "sha256:f22dec1690b584cea26fade98b2435c132c1b5f68e39f5a0b7627cd7ae31f1dc"},
    {file = "charset_normalizer-3.4.7-cp39-cp39-manylinux_2_31_armv7l.whl", hash = "sha256:d61f00a0869d77422d9b2aba989e2d24afa6ffd552af442e0e58de4f35ea6d00"},
    {file = "charset_normalizer-3.4.7-cp39-cp39-manylinux_2_31_riscv64.manylinux_2_39_riscv64.whl", hash = "sha256:6370e8686f662e6a3941ee48ed4742317cafbe5707e36406e9df792cdb535776"},
    {file = "charset_normalizer-3.4.7-cp39-cp39-musllinux_1_2_aarch64.whl", hash = "sha256:a6c5863edfbe888d9eff9c8b8087354e27618d9da76425c119293f11712a6319"},
    {file = "charset_normalizer-3.4.7-cp39-cp39-musllinux_1_2_armv7l.whl", hash = "sha256:ed065083d0898c9d5b4bbec7b026fd755ff7454e6e8b73a67f8c744b13986e24"},
    {file = "charset_normalizer-3.4.7-cp39-cp39-musllinux_1_2_ppc64le.whl", hash = "sha256:2cd4a60d0e2fb04537162c62bbbb4182f53541fe0ede35cdf270a1c1e723cc42"},
    {file = "charset_normalizer-3.4.7-cp39-cp39-musllinux_1_2_riscv64.whl", hash = "sha256:813c0e0132266c08eb87469a642cb30aaff57c5f426255419572aaeceeaa7bf4"},
    {file = "charset_normalizer-3.4.7-cp39-cp39-musllinux_1_2_s390x.whl", hash = "sha256:07d9e39b01743c3717745f4c530a6349eadbfa043c7577eef86c502c15df2c67"},
    {file = "charset_normalizer-3.4.7-cp39-cp39-musllinux_1_2_x86_64.whl", hash = "sha256:c0f081d69a6e58272819b70288d3221a6ee64b98df852631c80f293514d3b274"},
    {file = "charset_normalizer-3.4.7-cp39-cp39-win32.whl", hash = "sha256:8751d2787c9131302398b11e6c8068053dcb55d5a8964e114b6e196cf16cb366"},
    {file = "charset_normalizer-3.4.7-cp39-cp39-win_amd64.whl", hash = "sha256:12a6fff75f6bc66711b73a2f0addfc4c8c15a20e805146a02d147a318962c444"},
    {file = "charset_normalizer-3.4.7-cp39-cp39-win_arm64.whl", hash = "sha256:bb8cc7534f51d9a017b93e3e85b260924f909601c3df002bcdb58ddb4dc41a5c"},
    {file = "charset_normalizer-3.4.7-py3-none-any.whl", hash = "sha256:3dce51d0f5e7951f8bb4900c257dad282f49190fdbebecd4ba99bcc41fef404d"},
    {file = "charset_normalizer-3.4.7.tar.gz", hash = "sha256:ae89db9e5f98a11a4bf50407d4363e7b09b31e55bc117b4f7d80aab97ba009e5"},
]

[[package]]
name = "colorama"
version = "0.4.6"
description = "Cross-platform colored terminal text."
optional = false
python-versions = "!=3.0.*,!=3.1.*,!=3.2.*,!=3.3.*,!=3.4.*,!=3.5.*,!=3.6.*,>=2.7"
groups = ["main"]
markers = "platform_system == \"Windows\""
files = [
    {file = "colorama-0.4.6-py2.py3-none-any.whl", hash = "sha256:4f1d9991f5acc0ca119f9d443620b77f9d6b33703e51011c16baf57afb285fc6"},
    {file = "colorama-0.4.6.tar.gz", hash = "sha256:08695f5cb7ed6e0531a20572697297273c47b8cae5a63ffc6d6ed5c201be6e44"},
]

[[package]]
name = "idna"
version = "3.18"
description = "Internationalized Domain Names in Applications (IDNA)"
optional = false
python-versions = ">=3.9"
groups = ["main"]
files = [
    {file = "idna-3.18-py3-none-any.whl", hash = "sha256:7f952cbe720b688055e3f87de14f5c3e5fdaa8bc3928985c4077ca689de849a2"},
    {file = "idna-3.18.tar.gz", hash = "sha256:ffb385a7e039654cef1ab9ef32c6fafe283c0c0467bba1d9029738ce4a14a848"},
]

[package.extras]
all = ["mypy (>=1.11.2)", "pytest (>=8.3.2)", "ruff (>=0.6.2)"]

[[package]]
name = "ifaddr"
version = "0.2.0"
description = "Cross-platform network interface and IP address enumeration library"
optional = false
python-versions = "*"
groups = ["main"]
files = [
    {file = "ifaddr-0.2.0-py3-none-any.whl", hash = "sha256:085e0305cfe6f16ab12d72e2024030f5d52674afad6911bb1eee207177b8a748"},
    {file = "ifaddr-0.2.0.tar.gz", hash = "sha256:cc0cbfcaabf765d44595825fb96a99bb12c79716b73b44330ea38ee2b0c4aed4"},
]

[[package]]
name = "leglight"
version = "0.2.0"
description = "A Python module designed to control the Elgato brand Lights."
optional = false
python-versions = ">=3.6"
groups = ["main"]
files = [
    {file = "leglight-0.2.0-py3-none-any.whl", hash = "sha256:223535c92cb9c87c58c1dc2166133a8bc2eb30f47184c272cb84f19b1a07f64d"},
    {file = "leglight-0.2.0.tar.gz", hash = "sha256:41ab462fe12e2ec3e02ff29a00316f822b078c331c70bd36a635568bd1c4204a"},
]

[package.dependencies]
requests = ">=2.22.0"
zeroconf = ">=0.24.3"

[[package]]
name = "markdown-it-py"
version = "4.2.0"
description = "Python port of markdown-it. Markdown parsing, done right!"
optional = false
python-versions = ">=3.10"
groups = ["main"]
files = [
    {file = "markdown_it_py-4.2.0-py3-none-any.whl", hash = "sha256:9f7ebbcd14fe59494226453aed97c1070d83f8d24b6fc3a3bcf9a38092641c4a"},
    {file = "markdown_it_py-4.2.0.tar.gz", hash = "sha256:04a21681d6fbb623de53f6f364d352309d4094dd4194040a10fd51833e418d49"},
]

[package.dependencies]
mdurl = ">=0.1,<1.0"

[package.extras]
benchmarking = ["psutil", "pytest", "pytest-benchmark"]
compare = ["commonmark (>=0.9,<1.0)", "markdown (>=3.4,<4.0)", "markdown-it-pyrs", "mistletoe (>=1.0,<2.0)", "mistune (>=3.0,<4.0)", "panflute (>=2.3,<3.0)"]
linkify = ["linkify-it-py (>=1,<3)"]
plugins = ["mdit-py-plugins (>=0.5.0)"]
profiling = ["gprof2dot"]
rtd = ["ipykernel", "jupyter_sphinx", "mdit-py-plugins (>=0.5.0)", "myst-parser", "pyyaml", "sphinx", "sphinx-book-theme (>=1.0,<2.0)", "sphinx-copybutton", "sphinx-design"]
testing = ["coverage", "pytest", "pytest-cov", "pytest-regressions", "pytest-timeout", "requests"]

[[package]]
name = "mdurl"
version = "0.1.2"
description = "Markdown URL utilities"
optional = false
python-versions = ">=3.7"
groups = ["main"]
files = [
    {file = "mdurl-0.1.2-py3-none-any.whl", hash = "sha256:84008a41e51615a49fc9966191ff91509e3c40b939176e643fd50a5c2196b8f8"},
    {file = "mdurl-0.1.2.tar.gz", hash = "sha256:bb413d29f5eea38f31dd4754dd7377d4465116fb207585f97bf925588687c1ba"},
]

[[package]]
name = "pygments"
version = "2.20.0"
description = "Pygments is a syntax highlighting package written in Python."
optional = false
python-versions = ">=3.9"
groups = ["main"]
files = [
    {file = "pygments-2.20.0-py3-none-any.whl", hash = "sha256:81a9e26dd42fd28a23a2d169d86d7ac03b46e2f8b59ed4698fb4785f946d0176"},
    {file = "pygments-2.20.0.tar.gz", hash = "sha256:6757cd03768053ff99f3039c1a36d6c0aa0b263438fcab17520b30a303a82b5f"},
]

[package.extras]
windows-terminal = ["colorama (>=0.4.6)"]

[[package]]
name = "requests"
version = "2.34.2"
description = "Python HTTP for Humans."
optional = false
python-versions = ">=3.10"
groups = ["main"]
files = [
    {file = "requests-2.34.2-py3-none-any.whl", hash = "sha256:2a0d60c172f83ac6ab31e4554906c0f3b3588d37b5cb939b1c061f4907e278e0"},
    {file = "requests-2.34.2.tar.gz", hash = "sha256:f288924cae4e29463698d6d60bc6a4da69c89185ad1e0bcc4104f584e960b9ed"},
]

[package.dependencies]
certifi = ">=2023.5.7"
charset_normalizer = ">=2,<4"
idna = ">=2.5,<4"
urllib3 = ">=1.26,<3"

[package.extras]
socks = ["PySocks (>=1.5.6,!=1.5.7)"]
use-chardet-on-py3 = ["chardet (>=3.0.2,<8)"]

[[package]]
name = "rich"
version = "15.0.0"
description = "Render rich text, tables, progress bars, syntax highlighting, markdown and more to the terminal"
optional = false
python-versions = ">=3.9.0"
groups = ["main"]
files = [
    {file = "rich-15.0.0-py3-none-any.whl", hash = "sha256:33bd4ef74232fb73fe9279a257718407f169c09b78a87ad3d296f548e27de0bb"},
    {file = "rich-15.0.0.tar.gz", hash = "sha256:edd07a4824c6b40189fb7ac9bc4c52536e9780fbbfbddf6f1e2502c31b068c36"},
]

[package.dependencies]
markdown-it-py = ">=2.2.0"
pygments = ">=2.13.0,<3.0.0"

[package.extras]
jupyter = ["ipywidgets (>=7.5.1,<9)"]

[[package]]
name = "ruff"
version = "0.15.20"
description = "An extremely fast Python linter and code formatter, written in Rust."
optional = false
python-versions = ">=3.7"
groups = ["dev"]
files = [
    {file = "ruff-0.15.20-py3-none-linux_armv6l.whl", hash = "sha256:00e188c53e499c3c1637f73c91dcf2fb56d576cab76ce1be50a27c4e80e37078"},
    {file = "ruff-0.15.20-py3-none-macosx_10_12_x86_64.whl", hash = "sha256:9ebd1fd9b9c95fc0bd7b2761aebec1f030013d2e193a2901b224af68fe47251b"},
    {file = "ruff-0.15.20-py3-none-macosx_11_0_arm64.whl", hash = "sha256:c5b16cdd67ca108185cd36dce98c576350c03b1660a751de725fb049193a0632"},
    {file = "ruff-0.15.20-py3-none-manylinux_2_17_aarch64.manylinux2014_aarch64.whl", hash = "sha256:3413bb3c3d2ca6a8208f1f4809cd2dca3c6de6d0b491c0e70847672bde6e6efd"},
    {file = "ruff-0.15.20-py3-none-manylinux_2_17_armv7l.manylinux2014_armv7l.whl", hash = "sha256:bd7ec42b3bb3da066488db093308a69c4ac5ee6d2af333a86ba6e2eb2e7dd44b"},
    {file = "ruff-0.15.20-py3-none-manylinux_2_17_i686.manylinux2014_i686.whl", hash = "sha256:e1a36ad0eb77fba9aabfb69ede54de6f376d04ac18ebea022847046d340a8267"},
    {file = "ruff-0.15.20-py3-none-manylinux_2_17_ppc64le.manylinux2014_ppc64le.whl", hash = "sha256:b6df3b1e4610432f0386dba04d853b5f08cbbc903410c6fcc02f620f05aff53c"},
    {file = "ruff-0.15.20-py3-none-manylinux_2_17_s390x.manylinux2014_s390x.whl", hash = "sha256:e89f198a1ea6ef0d727c1cf16088bc91a6cb0ab947dedc966715691647186eae"},
    {file = "ruff-0.15.20-py3-none-manylinux_2_17_x86_64.manylinux2014_x86_64.whl", hash = "sha256:309809086c2acb67624950a3c8133e80f32d0d3e27106c0cd60ff26657c9f24b"},
    {file = "ruff-0.15.20-py3-none-manylinux_2_31_riscv64.whl", hash = "sha256:2d2374caa2f2c2f9e2b7da0a50802cfb8b79f55a9b5e49379f564544fbf56487"},
    {file = "ruff-0.15.20-py3-none-musllinux_1_2_aarch64.whl", hash = "sha256:a1ed17b65293e0c2f22fc387bc13198a5de94bf4429589b0ff6946b0feaf21a3"},
    {file = "ruff-0.15.20-py3-none-musllinux_1_2_armv7l.whl", hash = "sha256:f701305e66b38ea6c91882490eb73459796808e4c6362a1b765255e0cdcd4053"},
    {file = "ruff-0.15.20-py3-none-musllinux_1_2_i686.whl", hash = "sha256:5b9c0c367ad8e5d0d5b5b8537864c469a0a0e55417aadfbeca41fa61333be9f4"},
    {file = "ruff-0.15.20-py3-none-musllinux_1_2_x86_64.whl", hash = "sha256:01cc00dd58f0df339d0e902219dd53990ea99996a0344e5d9cc8d45d5307e460"},
    {file = "ruff-0.15.20-py3-none-win32.whl", hash = "sha256:ed65ef510e43a137207e0f01cfcf998aeddb1aeeda5c9d35023e910284d7cf21"},
    {file = "ruff-0.15.20-py3-none-win_amd64.whl", hash = "sha256:a525c81c70fb0380344dd1d8745d8cc1c890b7fc94a58d5a07bd8eb9557b8415"},
    {file = "ruff-0.15.20-py3-none-win_arm64.whl", hash = "sha256:2f5b2a6d614e8700388806a14996c40fab2c47b819ef57d790a34878858ed9ca"},
    {file = "ruff-0.15.20.tar.gz", hash = "sha256:1416eb04349192646b54de98f146c4f59afe37d0decfc02c3cbbf396f3a28566"},
]

[[package]]
name = "shellingham"
version = "1.5.4"
description = "Tool to Detect Surrounding Shell"
optional = false
python-versions = ">=3.7"
groups = ["main"]
files = [
    {file = "shellingham-1.5.4-py2.py3-none-any.whl", hash = "sha256:7ecfff8f2fd72616f7481040475a65b2bf8af90a56c89140852d1120324e8686"},
    {file = "shellingham-1.5.4.tar.gz", hash = "sha256:8dbca0739d487e5bd35ab3ca4b36e11c4078f3a234bfce294b0a0291363404de"},
]

[[package]]
name = "typer"
version = "0.26.7"
description = "Typer, build great CLIs. Easy to code. Based on Python type hints."
optional = false
python-versions = ">=3.10"
groups = ["main"]
files = [
    {file = "typer-0.26.7-py3-none-any.whl", hash = "sha256:5c87cfbc5d34491c5346ebf49c23e18d56ccb863268d3a8d592b26087c2f5e58"},
    {file = "typer-0.26.7.tar.gz", hash = "sha256:e314a34c617e419c091b2830dda3ea1f257134ff593061a8f5b9717ab8dddb3a"},
]

[package.dependencies]
annotated-doc = ">=0.0.2"
colorama = {version = "*", markers = "platform_system == \"Windows\""}
rich = ">=13.8.0"
shellingham = ">=1.3.0"

[[package]]
name = "urllib3"
version = "2.7.0"
description = "HTTP library with thread-safe connection pooling, file post, and more."
optional = false
python-versions = ">=3.10"
groups = ["main"]
files = [
    {file = "urllib3-2.7.0-py3-none-any.whl", hash = "sha256:9fb4c81ebbb1ce9531cce37674bbc6f1360472bc18ca9a553ede278ef7276897"},
    {file = "urllib3-2.7.0.tar.gz", hash = "sha256:231e0ec3b63ceb14667c67be60f2f2c40a518cb38b03af60abc813da26505f4c"},
]

[package.extras]
brotli = ["brotli (>=1.2.0) ; platform_python_implementation == \"CPython\"", "brotlicffi (>=1.2.0.0) ; platform_python_implementation != \"CPython\""]
h2 = ["h2 (>=4,<5)"]
socks = ["pysocks (>=1.5.6,!=1.5.7,<2.0)"]
zstd = ["backports-zstd (>=1.0.0) ; python_version < \"3.14\""]

[[package]]
name = "zeroconf"
version = "0.149.16"
description = "A pure python implementation of multicast DNS service discovery"
optional = false
python-versions = ">=3.10"
groups = ["main"]
files = [
    {file = "zeroconf-0.149.16-cp310-cp310-macosx_11_0_arm64.whl", hash = "sha256:d42d6726c9d010e51d57fce8c5d4627a1b3d0589dfedfc55277a8fe0d127f83f"},
    {file = "zeroconf-0.149.16-cp310-cp310-manylinux2014_aarch64.manylinux_2_17_aarch64.manylinux_2_28_aarch64.whl", hash = "sha256:2e53b2754dd1a56c388a3f60a51000f658b690198ca7dd70ff6f6e7971f7ed9b"},
    {file = "zeroconf-0.149.16-cp310-cp310-manylinux2014_armv7l.manylinux_2_17_armv7l.manylinux_2_31_armv7l.whl", hash = "sha256:b306b239abcfde7467b8b667e50c626bb2c9be85ecfd5dbeea033ed7f76eb759"},
    {file = "zeroconf-0.149.16-cp310-cp310-manylinux2014_x86_64.manylinux_2_17_x86_64.manylinux_2_28_x86_64.whl", hash = "sha256:0a99d2d4f9a0a58bd226b935ff0cec6fc854ea59d48c83890acd95d6aef5e634"},
    {file = "zeroconf-0.149.16-cp310-cp310-manylinux_2_31_riscv64.manylinux_2_39_riscv64.whl", hash = "sha256:848840d21c772987f6f25877bff34c1530b128a636d80a733018581eb0354430"},
    {file = "zeroconf-0.149.16-cp310-cp310-musllinux_1_2_aarch64.whl", hash = "sha256:b950eb95dc5b6aa92d9f626f9e7aff9c01137a54a1e453b52a68555fcaae3800"},
    {file = "zeroconf-0.149.16-cp310-cp310-musllinux_1_2_armv7l.whl", hash = "sha256:7c024873a6bf5b6f2db680480f1c4406c3369f032d1759dd2a26cca5f4e02c09"},
    {file = "zeroconf-0.149.16-cp310-cp310-musllinux_1_2_riscv64.whl", hash = "sha256:9927cae46232685c903dfab028d0711151ca3cb56756795a268607eda4d1ec9f"},
    {file = "zeroconf-0.149.16-cp310-cp310-musllinux_1_2_x86_64.whl", hash = "sha256:a7de0b296ca902a92edfd513436e3ca8fa446c85d34482b6cd2b281c632b8cb9"},
    {file = "zeroconf-0.149.16-cp310-cp310-win32.whl", hash = "sha256:0c410379b035d773082d09812e5517accf70eb604f816bbdd38c54f6549b3679"},
    {file = "zeroconf-0.149.16-cp310-cp310-win_amd64.whl", hash = "sha256:85c19ef841feab8f16be29f57550595f05ed123dcbf82afcc8a45c38f683864e"},
    {file = "zeroconf-0.149.16-cp311-cp311-macosx_11_0_arm64.whl", hash = "sha256:d04ed04cda62f787c0378270724333f5707f560b1fa51489ac4677a2fa99cb90"},
    {file = "zeroconf-0.149.16-cp311-cp311-manylinux2014_aarch64.manylinux_2_17_aarch64.manylinux_2_28_aarch64.whl", hash = "sha256:f8b18624311eb11aeeea2ac85fd0ff2763d22f25a2d282110efb91b66c8e43b0"},
    {file = "zeroconf-0.149.16-cp311-cp311-manylinux2014_armv7l.manylinux_2_17_armv7l.manylinux_2_31_armv7l.whl", hash = "sha256:8457aee89e1e561835e1abd32816eb2cdf4888af54f4c15e2d94326c1a467bb7"},
    {file = "zeroconf-0.149.16-cp311-cp311-manylinux2014_x86_64.manylinux_2_17_x86_64.manylinux_2_28_x86_64.whl", hash = "sha256:414bf6758e4e389162a6d00c179c0eafd8932a36e58bb3791570eafbb194c28a"},
    {file = "zeroconf-0.149.16-cp311-cp311-manylinux_2_31_riscv64.manylinux_2_39_riscv64.whl", hash = "sha256:7f9aaf85163be00178aeee4d02644d9ccbe8273ab52fa43e12d7d9f78a4d0cde"},
    {file = "zeroconf-0.149.16-cp311-cp311-musllinux_1_2_aarch64.whl", hash = "sha256:f117a9b49d735cfa101514df6c1ca52d01ad98be55896d4b9cc63eed64840bea"},
    {file = "zeroconf-0.149.16-cp311-cp311-musllinux_1_2_armv7l.whl", hash = "sha256:63c4f279d18ecb6bcd8d3b6c34c4ae3bfb34a57321b0303b35683e13a2048fd9"},
    {file = "zeroconf-0.149.16-cp311-cp311-musllinux_1_2_riscv64.whl", hash = "sha256:8d2545501c6d4711fa9cfbe2f731f409156c40ddf5e822b5b461445e1b1aafdb"},
    {file = "zeroconf-0.149.16-cp311-cp311-musllinux_1_2_x86_64.whl", hash = "sha256:c96231f5f5fbd101c55257bb5e57c9a0bde36a6259104637c40afa941db0b367"},
    {file = "zeroconf-0.149.16-cp311-cp311-win32.whl", hash = "sha256:dad44dfcf58b7919247e0d12bde93a05296dedcccf00bae772a98f9be5a854c0"},
    {file = "zeroconf-0.149.16-cp311-cp311-win_amd64.whl", hash = "sha256:7a1ad0c328fe79172ef654dd5fa79e819c757cde06e38e520a40b7cbbbfe0753"},
    {file = "zeroconf-0.149.16-cp312-cp312-macosx_11_0_arm64.whl", hash = "sha256:e1d403ca6145268664af9d87a7522f9ad7e5e388482db0d4b055553616564087"},
    {file = "zeroconf-0.149.16-cp312-cp312-manylinux2014_aarch64.manylinux_2_17_aarch64.manylinux_2_28_aarch64.whl", hash = "sha256:50c9ec1fb46e336ca7b098d44cae5fc21baf9d44cd758b776c06b453b2d3d73e"},
    {file = "zeroconf-0.149.16-cp312-cp312-manylinux2014_armv7l.manylinux_2_17_armv7l.manylinux_2_31_armv7l.whl", hash = "sha256:95b8681ab0a3209d04debc96818998bcc86642be32a17b17f6ecda5d7ff560f9"},
    {file = "zeroconf-0.149.16-cp312-cp312-manylinux2014_x86_64.manylinux_2_17_x86_64.manylinux_2_28_x86_64.whl", hash = "sha256:65b312685ef3e12284f907c07217df3c6873438313ce0e6cf53e01a182aaf0c4"},
    {file = "zeroconf-0.149.16-cp312-cp312-manylinux_2_31_riscv64.manylinux_2_39_riscv64.whl", hash = "sha256:5ca881fbf6edd21651b247710cdaa7b72593982bb65433bcf80c509df9550d12"},
    {file = "zeroconf-0.149.16-cp312-cp312-musllinux_1_2_aarch64.whl", hash = "sha256:1ea9acdb58407bb73c11cad6d4965bdc01bec3c2284727c4a482d444f943092c"},
    {file = "zeroconf-0.149.16-cp312-cp312-musllinux_1_2_armv7l.whl", hash = "sha256:cf3e109ec0181bab93ac954b17f2921eebac28a97c81ebf3559aeaad7a3b7a67"},
    {file = "zeroconf-0.149.16-cp312-cp312-musllinux_1_2_riscv64.whl", hash = "sha256:4fd08c930004ffaad2dc192762f9a2cd7f1db34b5fb1a36f38993dde2c4d55d9"},
    {file = "zeroconf-0.149.16-cp312-cp312-musllinux_1_2_x86_64.whl", hash = "sha256:a46c8fc8a4133574484b24b6bef3ae46e7e0958167d2c44ee84cc2edff2b4c9f"},
    {file = "zeroconf-0.149.16-cp312-cp312-win32.whl", hash = "sha256:48e0847568b35d3ccce0eaf0546313d3f35541f794f244097e6c8e80e75ec78c"},
    {file = "zeroconf-0.149.16-cp312-cp312-win_amd64.whl", hash = "sha256:813c9f0223c97d67970b4013cedeea072a28c0809962d58750d00d502066d2d0"},
    {file = "zeroconf-0.149.16-cp313-cp313-macosx_11_0_arm64.whl", hash = "sha256:575a548bdc820223e2360fdcf56fb1eea4d8345f286c441c3ef1cd8f68d853f1"},
    {file = "zeroconf-0.149.16-cp313-cp313-manylinux2014_aarch64.manylinux_2_17_aarch64.manylinux_2_28_aarch64.whl", hash = "sha256:58efbb338f1ac44b62cfe92999e4476c2051288729de2f6ba8939c977acdd0c5"},
    {file = "zeroconf-0.149.16-cp313-cp313-manylinux2014_armv7l.manylinux_2_17_armv7l.manylinux_2_31_armv7l.whl", hash = "sha256:a14610cc2eb90e1530e042183c9ea6981260cdcb97c4ecc7b11ca3749a433664"},
    {file = "zeroconf-0.149.16-cp313-cp313-manylinux2014_x86_64.manylinux_2_17_x86_64.manylinux_2_28_x86_64.whl", hash = "sha256:b6cb2873ae74265e28756f83454d1fde53eaaed9bc380bb43ccb2ac42b4b5a5a"},
    {file = "zeroconf-0.149.16-cp313-cp313-manylinux_2_31_riscv64.manylinux_2_39_riscv64.whl", hash = "sha256:74fedb7c4a073cdc410770e54c27e8c87072c5a4e68eb8d680c0111c84364c0d"},
    {file = "zeroconf-0.149.16-cp313-cp313-musllinux_1_2_aarch64.whl", hash = "sha256:b76b7228db26895090ff0e156ef8e193039e971c443d3c14fa8589f08bae2c6e"},
    {file = "zeroconf-0.149.16-cp313-cp313-musllinux_1_2_armv7l.whl", hash = "sha256:cd4b56d4951d62a6e7629286877c123703ac27b2a35e7744a63cc860ee3aaf39"},
    {file = "zeroconf-0.149.16-cp313-cp313-musllinux_1_2_riscv64.whl", hash = "sha256:7c1003a992ef65a10a29194630a58c2bfd4a87b9117a161c2ad9a1773d8191e1"},
    {file = "zeroconf-0.149.16-cp313-cp313-musllinux_1_2_x86_64.whl", hash = "sha256:63d48d9ed65f2bf05d237fc42773dab74d8ddf6d241c88e65297769c5ba87931"},
    {file = "zeroconf-0.149.16-cp313-cp313-win32.whl", hash = "sha256:9dbff444474354460f19b592b1f57b72688f23455d8f208f616ca49e8ecbc4ef"},
    {file = "zeroconf-0.149.16-cp313-cp313-win_amd64.whl", hash = "sha256:8f669e6aed52feaf73316a6205eff09696bfddce3e4f39fbc2c6e28500366dda"},
    {file = "zeroconf-0.149.16-cp314-cp314-macosx_11_0_arm64.whl", hash = "sha256:379ee7aadefffa2be227a501025356ef9685397a38b471df42032c30eff9e54d"},
    {file = "zeroconf-0.149.16-cp314-cp314-manylinux2014_aarch64.manylinux_2_17_aarch64.manylinux_2_28_aarch64.whl", hash = "sha256:cb7fb399b475ec1d18cfef70ffce89bd168a37f3f5db9387ce37d7a180baa678"},
    {file = "zeroconf-0.149.16-cp314-cp314-manylinux2014_armv7l.manylinux_2_17_armv7l.manylinux_2_31_armv7l.whl", hash = "sha256:57029dca8e6c9be83bd94130d41f6e1c2ce8b3f4678480b27bf24aa2053ade24"},
    {file = "zeroconf-0.149.16-cp314-cp314-manylinux2014_x86_64.manylinux_2_17_x86_64.manylinux_2_28_x86_64.whl", hash = "sha256:fa4576c6d9b029ea425c2fffa586dd5d25295ec78d28b219f35e9a2d6786cb7f"},
    {file = "zeroconf-0.149.16-cp314-cp314-manylinux_2_31_riscv64.manylinux_2_39_riscv64.whl", hash = "sha256:d58bd30d137402f101b1b7e5c7ab508632e101007fea38f3b3907e983cd32789"},
    {file = "zeroconf-0.149.16-cp314-cp314-manylinux_2_41_x86_64.whl", hash = "sha256:1559b089d58e47a057a68cfe36e9910acc01d500b2d51ae410a38dbda5d66230"},
    {file = "zeroconf-0.149.16-cp314-cp314-musllinux_1_2_aarch64.whl", hash = "sha256:ddf6db171e2a44dda0cb68956c50e165a6f106b0f4ec480575ff2ef91134dfef"},
    {file = "zeroconf-0.149.16-cp314-cp314-musllinux_1_2_armv7l.whl", hash = "sha256:5d8308cad249e52fc7466c2a9315438d42e9a142c5c33f622b60601d9f0e7ef7"},
    {file = "zeroconf-0.149.16-cp314-cp314-musllinux_1_2_riscv64.whl", hash = "sha256:56a14eb52d65c683a180f91d007c87ff7922a5f6e839dd1fb74d81675d783111"},
    {file = "zeroconf-0.149.16-cp314-cp314-musllinux_1_2_x86_64.whl", hash = "sha256:f817bf1b0319885882a208511249e5e2fe5ceb02fe3a9060ce295f064d13c3bd"},
    {file = "zeroconf-0.149.16-cp314-cp314-win32.whl", hash = "sha256:aad4b1941354bf7d0b4005b22495e6fc99218e37c9ebf0f556da9cf1ac94060f"},
    {file = "zeroconf-0.149.16-cp314-cp314-win_amd64.whl", hash = "sha256:f0814028202457aac116f4315c8eff407b77aa0b441b0f27a60ac83699a04641"},
    {file = "zeroconf-0.149.16-cp314-cp314t-macosx_11_0_arm64.whl", hash = "sha256:35301c63f8dd0328e1e78fc8444cdc39bd472e6cda2570dd185b78126f576c41"},
    {file = "zeroconf-0.149.16-cp314-cp314t-manylinux2014_aarch64.manylinux_2_17_aarch64.manylinux_2_28_aarch64.whl", hash = "sha256:2bdd9052521a7795d6386021b1346a8f87ec66da6a917d904a327e947a6c87ce"},
    {file = "zeroconf-0.149.16-cp314-cp314t-manylinux2014_armv7l.manylinux_2_17_armv7l.manylinux_2_31_armv7l.whl", hash = "sha256:3e77d9235a33a79ebe57fa711fe5a1f9a225e64b2964ab329d320d22cdcf1486"},
    {file = "zeroconf-0.149.16-cp314-cp314t-manylinux2014_x86_64.manylinux_2_17_x86_64.manylinux_2_28_x86_64.whl", hash = "sha256:79cb12a3a189cf20a5903af3a76fc0a12d32b44a1e75391c0c4875d82d959843"},
    {file = "zeroconf-0.149.16-cp314-cp314t-manylinux_2_31_riscv64.manylinux_2_39_riscv64.whl", hash = "sha256:752942a1a803cc4aa1dc83227d0ce408912b8c5f7b22db0d9ee9b6541cb1f32b"},
    {file = "zeroconf-0.149.16-cp314-cp314t-musllinux_1_2_aarch64.whl", hash = "sha256:37b93d889804f029d782059f77d22073b7fcff055a3e48f414164e2a79dd758b"},
    {file = "zeroconf-0.149.16-cp314-cp314t-musllinux_1_2_armv7l.whl", hash = "sha256:9aa9ba48ceec11f5b768a81335409672eff294d7ac9c6ac5dcbcc1b0d3538a49"},
    {file = "zeroconf-0.149.16-cp314-cp314t-musllinux_1_2_riscv64.whl", hash = "sha256:2f5a409d2df93e02137d4cd86c6bcab5636ee4b80bc40963eb1ece32a631c848"},
    {file = "zeroconf-0.149.16-cp314-cp314t-musllinux_1_2_x86_64.whl", hash = "sha256:25ace9939767ed7bda7da6d08be50ba3ad90a9055ddbc28288d5c8d080a7c7c3"},
    {file = "zeroconf-0.149.16-cp314-cp314t-win32.whl", hash = "sha256:f8445c04cdb544a3aa58e5e30cb54dfd4c1cb82ab6389e7155872fa1c7ba7c0f"},
    {file = "zeroconf-0.149.16-cp314-cp314t-win_amd64.whl", hash = "sha256:fc77736d1b8c22c1ad2c13d48aab0374a75f8aa1a21bae075478eb1c54a2c1bf"},
    {file = "zeroconf-0.149.16.tar.gz", hash = "sha256:5e6b5a3b153c2cc2a8d9e6f6f189ec5638f7d9c86fc3e88a6c53eb6863761a5e"},
]

[package.dependencies]
ifaddr = ">=0.1.7"

[metadata]
lock-version = "2.1"
python-versions = "~3.12"
content-hash = "66097ea2e2149970a3446dff9e0d100cddba24f45aae7dc7f4268cff1ede3258"
