# This file is automatically @generated by Poetry 1.8.2 and should not be changed by hand.

[[package]]
name = "annotated-doc"
version = "0.0.4"
description = "Document parameters, class attributes, return types, and variables inline, with Annotated."
optional = false
python-versions = ">=3.8"
files = [
    {file = "annotated_doc-0.0.4-py3-none-any.whl", hash = "sha256:571ac1dc6991c450b25a9c2d84a3705e2ae7a53467b5d111c24fa8baabbed320"},
    {file = "annotated_doc-0.0.4.tar.gz", hash = "sha256:fbcda96e87e9c92ad167c2e53839e57503ecfda18804ea28102353485033faa4"},
]

[[package]]
name = "certifi"
version = "2026.2.25"
description = "Python package for providing Mozilla's CA Bundle."
optional = false
python-versions = ">=3.7"
files = [
    {file = "certifi-2026.2.25-py3-none-any.whl", hash = "sha256:027692e4402ad994f1c42e52a4997a9763c646b73e4096e4d5d6db8af1d6f0fa"},
    {file = "certifi-2026.2.25.tar.gz", hash = "sha256:e887ab5cee78ea814d3472169153c2d12cd43b14bd03329a39a9c6e2e80bfba7"},
]

[[package]]
name = "charset-normalizer"
version = "3.4.4"
description = "The Real First Universal Charset Detector. Open, modern and actively maintained alternative to Chardet."
optional = false
python-versions = ">=3.7"
files = [
    {file = "charset_normalizer-3.4.4-cp310-cp310-macosx_10_9_universal2.whl", hash = "sha256:e824f1492727fa856dd6eda4f7cee25f8518a12f3c4a56a74e8095695089cf6d"},
    {file = "charset_normalizer-3.4.4-cp310-cp310-manylinux2014_aarch64.manylinux_2_17_aarch64.manylinux_2_28_aarch64.whl", hash = "sha256:4bd5d4137d500351a30687c2d3971758aac9a19208fc110ccb9d7188fbe709e8"},
    {file = "charset_normalizer-3.4.4-cp310-cp310-manylinux2014_armv7l.manylinux_2_17_armv7l.manylinux_2_31_armv7l.whl", hash = "sha256:027f6de494925c0ab2a55eab46ae5129951638a49a34d87f4c3eda90f696b4ad"},
    {file = "charset_normalizer-3.4.4-cp310-cp310-manylinux2014_ppc64le.manylinux_2_17_ppc64le.manylinux_2_28_ppc64le.whl", hash = "sha256:f820802628d2694cb7e56db99213f930856014862f3fd943d290ea8438d07ca8"},
    {file = "charset_normalizer-3.4.4-cp310-cp310-manylinux2014_s390x.manylinux_2_17_s390x.manylinux_2_28_s390x.whl", hash = "sha256:798d75d81754988d2565bff1b97ba5a44411867c0cf32b77a7e8f8d84796b10d"},
    {file = "charset_normalizer-3.4.4-cp310-cp310-manylinux2014_x86_64.manylinux_2_17_x86_64.manylinux_2_28_x86_64.whl", hash = "sha256:9d1bb833febdff5c8927f922386db610b49db6e0d4f4ee29601d71e7c2694313"},
    {file = "charset_normalizer-3.4.4-cp310-cp310-manylinux_2_31_riscv64.manylinux_2_39_riscv64.whl", hash = "sha256:9cd98cdc06614a2f768d2b7286d66805f94c48cde050acdbbb7db2600ab3197e"},
    {file = "charset_normalizer-3.4.4-cp310-cp310-musllinux_1_2_aarch64.whl", hash = "sha256:077fbb858e903c73f6c9db43374fd213b0b6a778106bc7032446a8e8b5b38b93"},
    {file = "charset_normalizer-3.4.4-cp310-cp310-musllinux_1_2_armv7l.whl", hash = "sha256:244bfb999c71b35de57821b8ea746b24e863398194a4014e4c76adc2bbdfeff0"},
    {file = "charset_normalizer-3.4.4-cp310-cp310-musllinux_1_2_ppc64le.whl", hash = "sha256:64b55f9dce520635f018f907ff1b0df1fdc31f2795a922fb49dd14fbcdf48c84"},
    {file = "charset_normalizer-3.4.4-cp310-cp310-musllinux_1_2_riscv64.whl", hash = "sha256:faa3a41b2b66b6e50f84ae4a68c64fcd0c44355741c6374813a800cd6695db9e"},
    {file = "charset_normalizer-3.4.4-cp310-cp310-musllinux_1_2_s390x.whl", hash = "sha256:6515f3182dbe4ea06ced2d9e8666d97b46ef4c75e326b79bb624110f122551db"},
    {file = "charset_normalizer-3.4.4-cp310-cp310-musllinux_1_2_x86_64.whl", hash = "sha256:cc00f04ed596e9dc0da42ed17ac5e596c6ccba999ba6bd92b0e0aef2f170f2d6"},
    {file = "charset_normalizer-3.4.4-cp310-cp310-win32.whl", hash = "sha256:f34be2938726fc13801220747472850852fe6b1ea75869a048d6f896838c896f"},
    {file = "charset_normalizer-3.4.4-cp310-cp310-win_amd64.whl", hash = "sha256:a61900df84c667873b292c3de315a786dd8dac506704dea57bc957bd31e22c7d"},
    {file = "charset_normalizer-3.4.4-cp310-cp310-win_arm64.whl", hash = "sha256:cead0978fc57397645f12578bfd2d5ea9138ea0fac82b2f63f7f7c6877986a69"},
    {file = "charset_normalizer-3.4.4-cp311-cp311-macosx_10_9_universal2.whl", hash = "sha256:6e1fcf0720908f200cd21aa4e6750a48ff6ce4afe7ff5a79a90d5ed8a08296f8"},
    {file = "charset_normalizer-3.4.4-cp311-cp311-manylinux2014_aarch64.manylinux_2_17_aarch64.manylinux_2_28_aarch64.whl", hash = "sha256:5f819d5fe9234f9f82d75bdfa9aef3a3d72c4d24a6e57aeaebba32a704553aa0"},
    {file = "charset_normalizer-3.4.4-cp311-cp311-manylinux2014_armv7l.manylinux_2_17_armv7l.manylinux_2_31_armv7l.whl", hash = "sha256:a59cb51917aa591b1c4e6a43c132f0cdc3c76dbad6155df4e28ee626cc77a0a3"},
    {file = "charset_normalizer-3.4.4-cp311-cp311-manylinux2014_ppc64le.manylinux_2_17_ppc64le.manylinux_2_28_ppc64le.whl", hash = "sha256:8ef3c867360f88ac904fd3f5e1f902f13307af9052646963ee08ff4f131adafc"},
    {file = "charset_normalizer-3.4.4-cp311-cp311-manylinux2014_s390x.manylinux_2_17_s390x.manylinux_2_28_s390x.whl", hash = "sha256:d9e45d7faa48ee908174d8fe84854479ef838fc6a705c9315372eacbc2f02897"},
    {file = "charset_normalizer-3.4.4-cp311-cp311-manylinux2014_x86_64.manylinux_2_17_x86_64.manylinux_2_28_x86_64.whl", hash = "sha256:840c25fb618a231545cbab0564a799f101b63b9901f2569faecd6b222ac72381"},
    {file = "charset_normalizer-3.4.4-cp311-cp311-manylinux_2_31_riscv64.manylinux_2_39_riscv64.whl", hash = "sha256:ca5862d5b3928c4940729dacc329aa9102900382fea192fc5e52eb69d6093815"},
    {file = "charset_normalizer-3.4.4-cp311-cp311-musllinux_1_2_aarch64.whl", hash = "sha256:d9c7f57c3d666a53421049053eaacdd14bbd0a528e2186fcb2e672effd053bb0"},
    {file = "charset_normalizer-3.4.4-cp311-cp311-musllinux_1_2_armv7l.whl", hash = "sha256:277e970e750505ed74c832b4bf75dac7476262ee2a013f5574dd49075879e161"},
    {file = "charset_normalizer-3.4.4-cp311-cp311-musllinux_1_2_ppc64le.whl", hash = "sha256:31fd66405eaf47bb62e8cd575dc621c56c668f27d46a61d975a249930dd5e2a4"},
    {file = "charset_normalizer-3.4.4-cp311-cp311-musllinux_1_2_riscv64.whl", hash = "sha256:0d3d8f15c07f86e9ff82319b3d9ef6f4bf907608f53fe9d92b28ea9ae3d1fd89"},
    {file = "charset_normalizer-3.4.4-cp311-cp311-musllinux_1_2_s390x.whl", hash = "sha256:9f7fcd74d410a36883701fafa2482a6af2ff5ba96b9a620e9e0721e28ead5569"},
    {file = "charset_normalizer-3.4.4-cp311-cp311-musllinux_1_2_x86_64.whl", hash = "sha256:ebf3e58c7ec8a8bed6d66a75d7fb37b55e5015b03ceae72a8e7c74495551e224"},
    {file = "charset_normalizer-3.4.4-cp311-cp311-win32.whl", hash = "sha256:eecbc200c7fd5ddb9a7f16c7decb07b566c29fa2161a16cf67b8d068bd21690a"},
    {file = "charset_normalizer-3.4.4-cp311-cp311-win_amd64.whl", hash = "sha256:5ae497466c7901d54b639cf42d5b8c1b6a4fead55215500d2f486d34db48d016"},
    {file = "charset_normalizer-3.4.4-cp311-cp311-win_arm64.whl", hash = "sha256:65e2befcd84bc6f37095f5961e68a6f077bf44946771354a28ad434c2cce0ae1"},
    {file = "charset_normalizer-3.4.4-cp312-cp312-macosx_10_13_universal2.whl", hash = "sha256:0a98e6759f854bd25a58a73fa88833fba3b7c491169f86ce1180c948ab3fd394"},
    {file = "charset_normalizer-3.4.4-cp312-cp312-manylinux2014_aarch64.manylinux_2_17_aarch64.manylinux_2_28_aarch64.whl", hash = "sha256:b5b290ccc2a263e8d185130284f8501e3e36c5e02750fc6b6bdeb2e9e96f1e25"},
    {file = "charset_normalizer-3.4.4-cp312-cp312-manylinux2014_armv7l.manylinux_2_17_armv7l.manylinux_2_31_armv7l.whl", hash = "sha256:74bb723680f9f7a6234dcf67aea57e708ec1fbdf5699fb91dfd6f511b0a320ef"},
    {file = "charset_normalizer-3.4.4-cp312-cp312-manylinux2014_ppc64le.manylinux_2_17_ppc64le.manylinux_2_28_ppc64le.whl", hash = "sha256:f1e34719c6ed0b92f418c7c780480b26b5d9c50349e9a9af7d76bf757530350d"},
    {file = "charset_normalizer-3.4.4-cp312-cp312-manylinux2014_s390x.manylinux_2_17_s390x.manylinux_2_28_s390x.whl", hash = "sha256:2437418e20515acec67d86e12bf70056a33abdacb5cb1655042f6538d6b085a8"},
    {file = "charset_normalizer-3.4.4-cp312-cp312-manylinux2014_x86_64.manylinux_2_17_x86_64.manylinux_2_28_x86_64.whl", hash = "sha256:11d694519d7f29d6cd09f6ac70028dba10f92f6cdd059096db198c283794ac86"},
    {file = "charset_normalizer-3.4.4-cp312-cp312-manylinux_2_31_riscv64.manylinux_2_39_riscv64.whl", hash = "sha256:ac1c4a689edcc530fc9d9aa11f5774b9e2f33f9a0c6a57864e90908f5208d30a"},
    {file = "charset_normalizer-3.4.4-cp312-cp312-musllinux_1_2_aarch64.whl", hash = "sha256:21d142cc6c0ec30d2efee5068ca36c128a30b0f2c53c1c07bd78cb6bc1d3be5f"},
    {file = "charset_normalizer-3.4.4-cp312-cp312-musllinux_1_2_armv7l.whl", hash = "sha256:5dbe56a36425d26d6cfb40ce79c314a2e4dd6211d51d6d2191c00bed34f354cc"},
    {file = "charset_normalizer-3.4.4-cp312-cp312-musllinux_1_2_ppc64le.whl", hash = "sha256:5bfbb1b9acf3334612667b61bd3002196fe2a1eb4dd74d247e0f2a4d50ec9bbf"},
    {file = "charset_normalizer-3.4.4-cp312-cp312-musllinux_1_2_riscv64.whl", hash = "sha256:d055ec1e26e441f6187acf818b73564e6e6282709e9bcb5b63f5b23068356a15"},
    {file = "charset_normalizer-3.4.4-cp312-cp312-musllinux_1_2_s390x.whl", hash = "sha256:af2d8c67d8e573d6de5bc30cdb27e9b95e49115cd9baad5ddbd1a6207aaa82a9"},
    {file = "charset_normalizer-3.4.4-cp312-cp312-musllinux_1_2_x86_64.whl", hash = "sha256:780236ac706e66881f3b7f2f32dfe90507a09e67d1d454c762cf642e6e1586e0"},
    {file = "charset_normalizer-3.4.4-cp312-cp312-win32.whl", hash = "sha256:5833d2c39d8896e4e19b689ffc198f08ea58116bee26dea51e362ecc7cd3ed26"},
    {file = "charset_normalizer-3.4.4-cp312-cp312-win_amd64.whl", hash = "sha256:a79cfe37875f822425b89a82333404539ae63dbdddf97f84dcbc3d339aae9525"},
    {file = "charset_normalizer-3.4.4-cp312-cp312-win_arm64.whl", hash = "sha256:376bec83a63b8021bb5c8ea75e21c4ccb86e7e45ca4eb81146091b56599b80c3"},
    {file = "charset_normalizer-3.4.4-cp313-cp313-macosx_10_13_universal2.whl", hash = "sha256:e1f185f86a6f3403aa2420e815904c67b2f9ebc443f045edd0de921108345794"},
    {file = "charset_normalizer-3.4.4-cp313-cp313-manylinux2014_aarch64.manylinux_2_17_aarch64.manylinux_2_28_aarch64.whl", hash = "sha256:6b39f987ae8ccdf0d2642338faf2abb1862340facc796048b604ef14919e55ed"},
    {file = "charset_normalizer-3.4.4-cp313-cp313-manylinux2014_armv7l.manylinux_2_17_armv7l.manylinux_2_31_armv7l.whl", hash = "sha256:3162d5d8ce1bb98dd51af660f2121c55d0fa541b46dff7bb9b9f86ea1d87de72"},
    {file = "charset_normalizer-3.4.4-cp313-cp313-manylinux2014_ppc64le.manylinux_2_17_ppc64le.manylinux_2_28_ppc64le.whl", hash = "sha256:81d5eb2a312700f4ecaa977a8235b634ce853200e828fbadf3a9c50bab278328"},
    {file = "charset_normalizer-3.4.4-cp313-cp313-manylinux2014_s390x.manylinux_2_17_s390x.manylinux_2_28_s390x.whl", hash = "sha256:5bd2293095d766545ec1a8f612559f6b40abc0eb18bb2f5d1171872d34036ede"},
    {file = "charset_normalizer-3.4.4-cp313-cp313-manylinux2014_x86_64.manylinux_2_17_x86_64.manylinux_2_28_x86_64.whl", hash = "sha256:a8a8b89589086a25749f471e6a900d3f662d1d3b6e2e59dcecf787b1cc3a1894"},
    {file = "charset_normalizer-3.4.4-cp313-cp313-manylinux_2_31_riscv64.manylinux_2_39_riscv64.whl", hash = "sha256:bc7637e2f80d8530ee4a78e878bce464f70087ce73cf7c1caf142416923b98f1"},
    {file = "charset_normalizer-3.4.4-cp313-cp313-musllinux_1_2_aarch64.whl", hash = "sha256:f8bf04158c6b607d747e93949aa60618b61312fe647a6369f88ce2ff16043490"},
    {file = "charset_normalizer-3.4.4-cp313-cp313-musllinux_1_2_armv7l.whl", hash = "sha256:554af85e960429cf30784dd47447d5125aaa3b99a6f0683589dbd27e2f45da44"},
    {file = "charset_normalizer-3.4.4-cp313-cp313-musllinux_1_2_ppc64le.whl", hash = "sha256:74018750915ee7ad843a774364e13a3db91682f26142baddf775342c3f5b1133"},
    {file = "charset_normalizer-3.4.4-cp313-cp313-musllinux_1_2_riscv64.whl", hash = "sha256:c0463276121fdee9c49b98908b3a89c39be45d86d1dbaa22957e38f6321d4ce3"},
    {file = "charset_normalizer-3.4.4-cp313-cp313-musllinux_1_2_s390x.whl", hash = "sha256:362d61fd13843997c1c446760ef36f240cf81d3ebf74ac62652aebaf7838561e"},
    {file = "charset_normalizer-3.4.4-cp313-cp313-musllinux_1_2_x86_64.whl", hash = "sha256:9a26f18905b8dd5d685d6d07b0cdf98a79f3c7a918906af7cc143ea2e164c8bc"},
    {file = "charset_normalizer-3.4.4-cp313-cp313-win32.whl", hash = "sha256:9b35f4c90079ff2e2edc5b26c0c77925e5d2d255c42c74fdb70fb49b172726ac"},
    {file = "charset_normalizer-3.4.4-cp313-cp313-win_amd64.whl", hash = "sha256:b435cba5f4f750aa6c0a0d92c541fb79f69a387c91e61f1795227e4ed9cece14"},
    {file = "charset_normalizer-3.4.4-cp313-cp313-win_arm64.whl", hash = "sha256:542d2cee80be6f80247095cc36c418f7bddd14f4a6de45af91dfad36d817bba2"},
    {file = "charset_normalizer-3.4.4-cp314-cp314-macosx_10_13_universal2.whl", hash = "sha256:da3326d9e65ef63a817ecbcc0df6e94463713b754fe293eaa03da99befb9a5bd"},
    {file = "charset_normalizer-3.4.4-cp314-cp314-manylinux2014_aarch64.manylinux_2_17_aarch64.manylinux_2_28_aarch64.whl", hash = "sha256:8af65f14dc14a79b924524b1e7fffe304517b2bff5a58bf64f30b98bbc5079eb"},
    {file = "charset_normalizer-3.4.4-cp314-cp314-manylinux2014_armv7l.manylinux_2_17_armv7l.manylinux_2_31_armv7l.whl", hash = "sha256:74664978bb272435107de04e36db5a9735e78232b85b77d45cfb38f758efd33e"},
    {file = "charset_normalizer-3.4.4-cp314-cp314-manylinux2014_ppc64le.manylinux_2_17_ppc64le.manylinux_2_28_ppc64le.whl", hash = "sha256:752944c7ffbfdd10c074dc58ec2d5a8a4cd9493b314d367c14d24c17684ddd14"},
    {file = "charset_normalizer-3.4.4-cp314-cp314-manylinux2014_s390x.manylinux_2_17_s390x.manylinux_2_28_s390x.whl", hash = "sha256:d1f13550535ad8cff21b8d757a3257963e951d96e20ec82ab44bc64aeb62a191"},
    {file = "charset_normalizer-3.4.4-cp314-cp314-manylinux2014_x86_64.manylinux_2_17_x86_64.manylinux_2_28_x86_64.whl", hash = "sha256:ecaae4149d99b1c9e7b88bb03e3221956f68fd6d50be2ef061b2381b61d20838"},
    {file = "charset_normalizer-3.4.4-cp314-cp314-manylinux_2_31_riscv64.manylinux_2_39_riscv64.whl", hash = "sha256:cb6254dc36b47a990e59e1068afacdcd02958bdcce30bb50cc1700a8b9d624a6"},
    {file = "charset_normalizer-3.4.4-cp314-cp314-musllinux_1_2_aarch64.whl", hash = "sha256:c8ae8a0f02f57a6e61203a31428fa1d677cbe50c93622b4149d5c0f319c1d19e"},
    {file = "charset_normalizer-3.4.4-cp314-cp314-musllinux_1_2_armv7l.whl", hash = "sha256:47cc91b2f4dd2833fddaedd2893006b0106129d4b94fdb6af1f4ce5a9965577c"},
    {file = "charset_normalizer-3.4.4-cp314-cp314-musllinux_1_2_ppc64le.whl", hash = "sha256:82004af6c302b5d3ab2cfc4cc5f29db16123b1a8417f2e25f9066f91d4411090"},
    {file = "charset_normalizer-3.4.4-cp314-cp314-musllinux_1_2_riscv64.whl", hash = "sha256:2b7d8f6c26245217bd2ad053761201e9f9680f8ce52f0fcd8d0755aeae5b2152"},
    {file = "charset_normalizer-3.4.4-cp314-cp314-musllinux_1_2_s390x.whl", hash = "sha256:799a7a5e4fb2d5898c60b640fd4981d6a25f1c11790935a44ce38c54e985f828"},
    {file = "charset_normalizer-3.4.4-cp314-cp314-musllinux_1_2_x86_64.whl", hash = "sha256:99ae2cffebb06e6c22bdc25801d7b30f503cc87dbd283479e7b606f70aff57ec"},
    {file = "charset_normalizer-3.4.4-cp314-cp314-win32.whl", hash = "sha256:f9d332f8c2a2fcbffe1378594431458ddbef721c1769d78e2cbc06280d8155f9"},
    {file = "charset_normalizer-3.4.4-cp314-cp314-win_amd64.whl", hash = "sha256:8a6562c3700cce886c5be75ade4a5db4214fda19fede41d9792d100288d8f94c"},
    {file = "charset_normalizer-3.4.4-cp314-cp314-win_arm64.whl", hash = "sha256:de00632ca48df9daf77a2c65a484531649261ec9f25489917f09e455cb09ddb2"},
    {file = "charset_normalizer-3.4.4-cp38-cp38-macosx_10_9_universal2.whl", hash = "sha256:ce8a0633f41a967713a59c4139d29110c07e826d131a316b50ce11b1d79b4f84"},
    {file = "charset_normalizer-3.4.4-cp38-cp38-manylinux2014_aarch64.manylinux_2_17_aarch64.manylinux_2_28_aarch64.whl", hash = "sha256:eaabd426fe94daf8fd157c32e571c85cb12e66692f15516a83a03264b08d06c3"},
    {file = "charset_normalizer-3.4.4-cp38-cp38-manylinux2014_armv7l.manylinux_2_17_armv7l.manylinux_2_31_armv7l.whl", hash = "sha256:c4ef880e27901b6cc782f1b95f82da9313c0eb95c3af699103088fa0ac3ce9ac"},
    {file = "charset_normalizer-3.4.4-cp38-cp38-manylinux2014_ppc64le.manylinux_2_17_ppc64le.manylinux_2_28_ppc64le.whl", hash = "sha256:2aaba3b0819274cc41757a1da876f810a3e4d7b6eb25699253a4effef9e8e4af"},
    {file = "charset_normalizer-3.4.4-cp38-cp38-manylinux2014_s390x.manylinux_2_17_s390x.manylinux_2_28_s390x.whl", hash = "sha256:778d2e08eda00f4256d7f672ca9fef386071c9202f5e4607920b86d7803387f2"},
    {file = "charset_normalizer-3.4.4-cp38-cp38-manylinux2014_x86_64.manylinux_2_17_x86_64.manylinux_2_28_x86_64.whl", hash = "sha256:f155a433c2ec037d4e8df17d18922c3a0d9b3232a396690f17175d2946f0218d"},
    {file = "charset_normalizer-3.4.4-cp38-cp38-manylinux_2_31_riscv64.manylinux_2_39_riscv64.whl", hash = "sha256:a8bf8d0f749c5757af2142fe7903a9df1d2e8aa3841559b2bad34b08d0e2bcf3"},
    {file = "charset_normalizer-3.4.4-cp38-cp38-musllinux_1_2_aarch64.whl", hash = "sha256:194f08cbb32dc406d6e1aea671a68be0823673db2832b38405deba2fb0d88f63"},
    {file = "charset_normalizer-3.4.4-cp38-cp38-musllinux_1_2_armv7l.whl", hash = "sha256:6aee717dcfead04c6eb1ce3bd29ac1e22663cdea57f943c87d1eab9a025438d7"},
    {file = "charset_normalizer-3.4.4-cp38-cp38-musllinux_1_2_ppc64le.whl", hash = "sha256:cd4b7ca9984e5e7985c12bc60a6f173f3c958eae74f3ef6624bb6b26e2abbae4"},
    {file = "charset_normalizer-3.4.4-cp38-cp38-musllinux_1_2_riscv64.whl", hash = "sha256:b7cf1017d601aa35e6bb650b6ad28652c9cd78ee6caff19f3c28d03e1c80acbf"},
    {file = "charset_normalizer-3.4.4-cp38-cp38-musllinux_1_2_s390x.whl", hash = "sha256:e912091979546adf63357d7e2ccff9b44f026c075aeaf25a52d0e95ad2281074"},
    {file = "charset_normalizer-3.4.4-cp38-cp38-musllinux_1_2_x86_64.whl", hash = "sha256:5cb4d72eea50c8868f5288b7f7f33ed276118325c1dfd3957089f6b519e1382a"},
    {file = "charset_normalizer-3.4.4-cp38-cp38-win32.whl", hash = "sha256:837c2ce8c5a65a2035be9b3569c684358dfbf109fd3b6969630a87535495ceaa"},
    {file = "charset_normalizer-3.4.4-cp38-cp38-win_amd64.whl", hash = "sha256:44c2a8734b333e0578090c4cd6b16f275e07aa6614ca8715e6c038e865e70576"},
    {file = "charset_normalizer-3.4.4-cp39-cp39-macosx_10_9_universal2.whl", hash = "sha256:a9768c477b9d7bd54bc0c86dbaebdec6f03306675526c9927c0e8a04e8f94af9"},
    {file = "charset_normalizer-3.4.4-cp39-cp39-manylinux2014_aarch64.manylinux_2_17_aarch64.manylinux_2_28_aarch64.whl", hash = "sha256:1bee1e43c28aa63cb16e5c14e582580546b08e535299b8b6158a7c9c768a1f3d"},
    {file = "charset_normalizer-3.4.4-cp39-cp39-manylinux2014_armv7l.manylinux_2_17_armv7l.manylinux_2_31_armv7l.whl", hash = "sha256:fd44c878ea55ba351104cb93cc85e74916eb8fa440ca7903e57575e97394f608"},
    {file = "charset_normalizer-3.4.4-cp39-cp39-manylinux2014_ppc64le.manylinux_2_17_ppc64le.manylinux_2_28_ppc64le.whl", hash = "sha256:0f04b14ffe5fdc8c4933862d8306109a2c51e0704acfa35d51598eb45a1e89fc"},
    {file = "charset_normalizer-3.4.4-cp39-cp39-manylinux2014_s390x.manylinux_2_17_s390x.manylinux_2_28_s390x.whl", hash = "sha256:cd09d08005f958f370f539f186d10aec3377d55b9eeb0d796025d4886119d76e"},
    {file = "charset_normalizer-3.4.4-cp39-cp39-manylinux2014_x86_64.manylinux_2_17_x86_64.manylinux_2_28_x86_64.whl", hash = "sha256:4fe7859a4e3e8457458e2ff592f15ccb02f3da787fcd31e0183879c3ad4692a1"},
    {file = "charset_normalizer-3.4.4-cp39-cp39-manylinux_2_31_riscv64.manylinux_2_39_riscv64.whl", hash = "sha256:fa09f53c465e532f4d3db095e0c55b615f010ad81803d383195b6b5ca6cbf5f3"},
    {file = "charset_normalizer-3.4.4-cp39-cp39-musllinux_1_2_aarch64.whl", hash = "sha256:7fa17817dc5625de8a027cb8b26d9fefa3ea28c8253929b8d6649e705d2835b6"},
    {file = "charset_normalizer-3.4.4-cp39-cp39-musllinux_1_2_armv7l.whl", hash = "sha256:5947809c8a2417be3267efc979c47d76a079758166f7d43ef5ae8e9f92751f88"},
    {file = "charset_normalizer-3.4.4-cp39-cp39-musllinux_1_2_ppc64le.whl", hash = "sha256:4902828217069c3c5c71094537a8e623f5d097858ac6ca8252f7b4d10b7560f1"},
    {file = "charset_normalizer-3.4.4-cp39-cp39-musllinux_1_2_riscv64.whl", hash = "sha256:7c308f7e26e4363d79df40ca5b2be1c6ba9f02bdbccfed5abddb7859a6ce72cf"},
    {file = "charset_normalizer-3.4.4-cp39-cp39-musllinux_1_2_s390x.whl", hash = "sha256:2c9d3c380143a1fedbff95a312aa798578371eb29da42106a29019368a475318"},
    {file = "charset_normalizer-3.4.4-cp39-cp39-musllinux_1_2_x86_64.whl", hash = "sha256:cb01158d8b88ee68f15949894ccc6712278243d95f344770fa7593fa2d94410c"},
    {file = "charset_normalizer-3.4.4-cp39-cp39-win32.whl", hash = "sha256:2677acec1a2f8ef614c6888b5b4ae4060cc184174a938ed4e8ef690e15d3e505"},
    {file = "charset_normalizer-3.4.4-cp39-cp39-win_amd64.whl", hash = "sha256:f8e160feb2aed042cd657a72acc0b481212ed28b1b9a95c0cee1621b524e1966"},
    {file = "charset_normalizer-3.4.4-cp39-cp39-win_arm64.whl", hash = "sha256:b5d84d37db046c5ca74ee7bb47dd6cbc13f80665fdde3e8040bdd3fb015ecb50"},
    {file = "charset_normalizer-3.4.4-py3-none-any.whl", hash = "sha256:7a32c560861a02ff789ad905a2fe94e3f840803362c84fecf1851cb4cf3dc37f"},
    {file = "charset_normalizer-3.4.4.tar.gz", hash = "sha256:94537985111c35f28720e43603b8e7b43a6ecfb2ce1d3058bbe955b73404e21a"},
]

[[package]]
name = "click"
version = "8.3.1"
description = "Composable command line interface toolkit"
optional = false
python-versions = ">=3.10"
files = [
    {file = "click-8.3.1-py3-none-any.whl", hash = "sha256:981153a64e25f12d547d3426c367a4857371575ee7ad18df2a6183ab0545b2a6"},
    {file = "click-8.3.1.tar.gz", hash = "sha256:12ff4785d337a1bb490bb7e9c2b1ee5da3112e94a8622f26a6c77f5d2fc6842a"},
]

[package.dependencies]
colorama = {version = "*", markers = "platform_system == \"Windows\""}

[[package]]
name = "colorama"
version = "0.4.6"
description = "Cross-platform colored terminal text."
optional = false
python-versions = "!=3.0.*,!=3.1.*,!=3.2.*,!=3.3.*,!=3.4.*,!=3.5.*,!=3.6.*,>=2.7"
files = [
    {file = "colorama-0.4.6-py2.py3-none-any.whl", hash = "sha256:4f1d9991f5acc0ca119f9d443620b77f9d6b33703e51011c16baf57afb285fc6"},
    {file = "colorama-0.4.6.tar.gz", hash = "sha256:08695f5cb7ed6e0531a20572697297273c47b8cae5a63ffc6d6ed5c201be6e44"},
]

[[package]]
name = "idna"
version = "3.11"
description = "Internationalized Domain Names in Applications (IDNA)"
optional = false
python-versions = ">=3.8"
files = [
    {file = "idna-3.11-py3-none-any.whl", hash = "sha256:771a87f49d9defaf64091e6e6fe9c18d4833f140bd19464795bc32d966ca37ea"},
    {file = "idna-3.11.tar.gz", hash = "sha256:795dafcc9c04ed0c1fb032c2aa73654d8e8c5023a7df64a53f39190ada629902"},
]

[package.extras]
all = ["flake8 (>=7.1.1)", "mypy (>=1.11.2)", "pytest (>=8.3.2)", "ruff (>=0.6.2)"]

[[package]]
name = "ifaddr"
version = "0.2.0"
description = "Cross-platform network interface and IP address enumeration library"
optional = false
python-versions = "*"
files = [
    {file = "ifaddr-0.2.0-py3-none-any.whl", hash = "sha256:085e0305cfe6f16ab12d72e2024030f5d52674afad6911bb1eee207177b8a748"},
    {file = "ifaddr-0.2.0.tar.gz", hash = "sha256:cc0cbfcaabf765d44595825fb96a99bb12c79716b73b44330ea38ee2b0c4aed4"},
]

[[package]]
name = "leglight"
version = "0.2.0"
description = "A Python module designed to control the Elgato brand Lights."
optional = false
python-versions = ">=3.6"
files = [
    {file = "leglight-0.2.0-py3-none-any.whl", hash = "sha256:223535c92cb9c87c58c1dc2166133a8bc2eb30f47184c272cb84f19b1a07f64d"},
    {file = "leglight-0.2.0.tar.gz", hash = "sha256:41ab462fe12e2ec3e02ff29a00316f822b078c331c70bd36a635568bd1c4204a"},
]

[package.dependencies]
requests = ">=2.22.0"
zeroconf = ">=0.24.3"

[[package]]
name = "markdown-it-py"
version = "4.0.0"
description = "Python port of markdown-it. Markdown parsing, done right!"
optional = false
python-versions = ">=3.10"
files = [
    {file = "markdown_it_py-4.0.0-py3-none-any.whl", hash = "sha256:87327c59b172c5011896038353a81343b6754500a08cd7a4973bb48c6d578147"},
    {file = "markdown_it_py-4.0.0.tar.gz", hash = "sha256:cb0a2b4aa34f932c007117b194e945bd74e0ec24133ceb5bac59009cda1cb9f3"},
]

[package.dependencies]
mdurl = ">=0.1,<1.0"

[package.extras]
benchmarking = ["psutil", "pytest", "pytest-benchmark"]
compare = ["commonmark (>=0.9,<1.0)", "markdown (>=3.4,<4.0)", "markdown-it-pyrs", "mistletoe (>=1.0,<2.0)", "mistune (>=3.0,<4.0)", "panflute (>=2.3,<3.0)"]
linkify = ["linkify-it-py (>=1,<3)"]
plugins = ["mdit-py-plugins (>=0.5.0)"]
profiling = ["gprof2dot"]
rtd = ["ipykernel", "jupyter_sphinx", "mdit-py-plugins (>=0.5.0)", "myst-parser", "pyyaml", "sphinx", "sphinx-book-theme (>=1.0,<2.0)", "sphinx-copybutton", "sphinx-design"]
testing = ["coverage", "pytest", "pytest-cov", "pytest-regressions", "requests"]

[[package]]
name = "mdurl"
version = "0.1.2"
description = "Markdown URL utilities"
optional = false
python-versions = ">=3.7"
files = [
    {file = "mdurl-0.1.2-py3-none-any.whl", hash = "sha256:84008a41e51615a49fc9966191ff91509e3c40b939176e643fd50a5c2196b8f8"},
    {file = "mdurl-0.1.2.tar.gz", hash = "sha256:bb413d29f5eea38f31dd4754dd7377d4465116fb207585f97bf925588687c1ba"},
]

[[package]]
name = "pygments"
version = "2.19.2"
description = "Pygments is a syntax highlighting package written in Python."
optional = false
python-versions = ">=3.8"
files = [
    {file = "pygments-2.19.2-py3-none-any.whl", hash = "sha256:86540386c03d588bb81d44bc3928634ff26449851e99741617ecb9037ee5ec0b"},
    {file = "pygments-2.19.2.tar.gz", hash = "sha256:636cb2477cec7f8952536970bc533bc43743542f70392ae026374600add5b887"},
]

[package.extras]
windows-terminal = ["colorama (>=0.4.6)"]

[[package]]
name = "requests"
version = "2.32.5"
description = "Python HTTP for Humans."
optional = false
python-versions = ">=3.9"
files = [
    {file = "requests-2.32.5-py3-none-any.whl", hash = "sha256:2462f94637a34fd532264295e186976db0f5d453d1cdd31473c85a6a161affb6"},
    {file = "requests-2.32.5.tar.gz", hash = "sha256:dbba0bac56e100853db0ea71b82b4dfd5fe2bf6d3754a8893c3af500cec7d7cf"},
]

[package.dependencies]
certifi = ">=2017.4.17"
charset_normalizer = ">=2,<4"
idna = ">=2.5,<4"
urllib3 = ">=1.21.1,<3"

[package.extras]
socks = ["PySocks (>=1.5.6,!=1.5.7)"]
use-chardet-on-py3 = ["chardet (>=3.0.2,<6)"]

[[package]]
name = "rich"
version = "14.3.3"
description = "Render rich text, tables, progress bars, syntax highlighting, markdown and more to the terminal"
optional = false
python-versions = ">=3.8.0"
files = [
    {file = "rich-14.3.3-py3-none-any.whl", hash = "sha256:793431c1f8619afa7d3b52b2cdec859562b950ea0d4b6b505397612db8d5362d"},
    {file = "rich-14.3.3.tar.gz", hash = "sha256:b8daa0b9e4eef54dd8cf7c86c03713f53241884e814f4e2f5fb342fe520f639b"},
]

[package.dependencies]
markdown-it-py = ">=2.2.0"
pygments = ">=2.13.0,<3.0.0"

[package.extras]
jupyter = ["ipywidgets (>=7.5.1,<9)"]

[[package]]
name = "ruff"
version = "0.15.7"
description = "An extremely fast Python linter and code formatter, written in Rust."
optional = false
python-versions = ">=3.7"
files = [
    {file = "ruff-0.15.7-py3-none-linux_armv6l.whl", hash = "sha256:a81cc5b6910fb7dfc7c32d20652e50fa05963f6e13ead3c5915c41ac5d16668e"},
    {file = "ruff-0.15.7-py3-none-macosx_10_12_x86_64.whl", hash = "sha256:722d165bd52403f3bdabc0ce9e41fc47070ac56d7a91b4e0d097b516a53a3477"},
    {file = "ruff-0.15.7-py3-none-macosx_11_0_arm64.whl", hash = "sha256:7fbc2448094262552146cbe1b9643a92f66559d3761f1ad0656d4991491af49e"},
    {file = "ruff-0.15.7-py3-none-manylinux_2_17_aarch64.manylinux2014_aarch64.whl", hash = "sha256:6b39329b60eba44156d138275323cc726bbfbddcec3063da57caa8a8b1d50adf"},
    {file = "ruff-0.15.7-py3-none-manylinux_2_17_armv7l.manylinux2014_armv7l.whl", hash = "sha256:87768c151808505f2bfc93ae44e5f9e7c8518943e5074f76ac21558ef5627c85"},
    {file = "ruff-0.15.7-py3-none-manylinux_2_17_i686.manylinux2014_i686.whl", hash = "sha256:fb0511670002c6c529ec66c0e30641c976c8963de26a113f3a30456b702468b0"},
    {file = "ruff-0.15.7-py3-none-manylinux_2_17_ppc64le.manylinux2014_ppc64le.whl", hash = "sha256:e0d19644f801849229db8345180a71bee5407b429dd217f853ec515e968a6912"},
    {file = "ruff-0.15.7-py3-none-manylinux_2_17_s390x.manylinux2014_s390x.whl", hash = "sha256:4806d8e09ef5e84eb19ba833d0442f7e300b23fe3f0981cae159a248a10f0036"},
    {file = "ruff-0.15.7-py3-none-manylinux_2_17_x86_64.manylinux2014_x86_64.whl", hash = "sha256:dce0896488562f09a27b9c91b1f58a097457143931f3c4d519690dea54e624c5"},
    {file = "ruff-0.15.7-py3-none-manylinux_2_31_riscv64.whl", hash = "sha256:1852ce241d2bc89e5dc823e03cff4ce73d816b5c6cdadd27dbfe7b03217d2a12"},
    {file = "ruff-0.15.7-py3-none-musllinux_1_2_aarch64.whl", hash = "sha256:5f3e4b221fb4bd293f79912fc5e93a9063ebd6d0dcbd528f91b89172a9b8436c"},
    {file = "ruff-0.15.7-py3-none-musllinux_1_2_armv7l.whl", hash = "sha256:b15e48602c9c1d9bdc504b472e90b90c97dc7d46c7028011ae67f3861ceba7b4"},
    {file = "ruff-0.15.7-py3-none-musllinux_1_2_i686.whl", hash = "sha256:1b4705e0e85cedc74b0a23cf6a179dbb3df184cb227761979cc76c0440b5ab0d"},
    {file = "ruff-0.15.7-py3-none-musllinux_1_2_x86_64.whl", hash = "sha256:112c1fa316a558bb34319282c1200a8bf0495f1b735aeb78bfcb2991e6087580"},
    {file = "ruff-0.15.7-py3-none-win32.whl", hash = "sha256:6d39e2d3505b082323352f733599f28169d12e891f7dd407f2d4f54b4c2886de"},
    {file = "ruff-0.15.7-py3-none-win_amd64.whl", hash = "sha256:4d53d712ddebcd7dace1bc395367aec12c057aacfe9adbb6d832302575f4d3a1"},
    {file = "ruff-0.15.7-py3-none-win_arm64.whl", hash = "sha256:18e8d73f1c3fdf27931497972250340f92e8c861722161a9caeb89a58ead6ed2"},
    {file = "ruff-0.15.7.tar.gz", hash = "sha256:04f1ae61fc20fe0b148617c324d9d009b5f63412c0b16474f3d5f1a1a665f7ac"},
]

[[package]]
name = "shellingham"
version = "1.5.4"
description = "Tool to Detect Surrounding Shell"
optional = false
python-versions = ">=3.7"
files = [
    {file = "shellingham-1.5.4-py2.py3-none-any.whl", hash = "sha256:7ecfff8f2fd72616f7481040475a65b2bf8af90a56c89140852d1120324e8686"},
    {file = "shellingham-1.5.4.tar.gz", hash = "sha256:8dbca0739d487e5bd35ab3ca4b36e11c4078f3a234bfce294b0a0291363404de"},
]

[[package]]
name = "typer"
version = "0.24.1"
description = "Typer, build great CLIs. Easy to code. Based on Python type hints."
optional = false
python-versions = ">=3.10"
files = [
    {file = "typer-0.24.1-py3-none-any.whl", hash = "sha256:112c1f0ce578bfb4cab9ffdabc68f031416ebcc216536611ba21f04e9aa84c9e"},
    {file = "typer-0.24.1.tar.gz", hash = "sha256:e39b4732d65fbdcde189ae76cf7cd48aeae72919dea1fdfc16593be016256b45"},
]

[package.dependencies]
annotated-doc = ">=0.0.2"
click = ">=8.2.1"
rich = ">=12.3.0"
shellingham = ">=1.3.0"

[[package]]
name = "urllib3"
version = "2.6.3"
description = "HTTP library with thread-safe connection pooling, file post, and more."
optional = false
python-versions = ">=3.9"
files = [
    {file = "urllib3-2.6.3-py3-none-any.whl", hash = "sha256:bf272323e553dfb2e87d9bfd225ca7b0f467b919d7bbd355436d3fd37cb0acd4"},
    {file = "urllib3-2.6.3.tar.gz", hash = "sha256:1b62b6884944a57dbe321509ab94fd4d3b307075e0c2eae991ac71ee15ad38ed"},
]

[package.extras]
brotli = ["brotli (>=1.2.0)", "brotlicffi (>=1.2.0.0)"]
h2 = ["h2 (>=4,<5)"]
socks = ["pysocks (>=1.5.6,!=1.5.7,<2.0)"]
zstd = ["backports-zstd (>=1.0.0)"]

[[package]]
name = "zeroconf"
version = "0.148.0"
description = "A pure python implementation of multicast DNS service discovery"
optional = false
python-versions = ">=3.9"
files = [
    {file = "zeroconf-0.148.0-cp310-cp310-macosx_10_9_x86_64.whl", hash = "sha256:9146731bb82bc7b42f009aa69619b17a4b6ddecc75eee9a59249c12c804d0637"},
    {file = "zeroconf-0.148.0-cp310-cp310-macosx_11_0_arm64.whl", hash = "sha256:db24dc2e5367dc61bacbf302b7c85cc10ee1a9de8f1710380027992afd1ddcb4"},
    {file = "zeroconf-0.148.0-cp310-cp310-manylinux2014_aarch64.manylinux_2_17_aarch64.manylinux_2_28_aarch64.whl", hash = "sha256:2202ac7dc2777249561292c9151919d70fbe25a31983b7e127b43878ea67483c"},
    {file = "zeroconf-0.148.0-cp310-cp310-manylinux2014_armv7l.manylinux_2_17_armv7l.manylinux_2_31_armv7l.whl", hash = "sha256:876e9e61a7065d201d39c466449e01fa9e19c3c7b2c5ee57bc628f15e21653fb"},
    {file = "zeroconf-0.148.0-cp310-cp310-manylinux2014_x86_64.manylinux_2_17_x86_64.manylinux_2_28_x86_64.whl", hash = "sha256:171ff9d59283737946d79c6a290a597a3d10d0d24d6a3a87de67ce3064157afc"},
    {file = "zeroconf-0.148.0-cp310-cp310-musllinux_1_2_aarch64.whl", hash = "sha256:76d53985fa40cefb3a82c1d5d761217392bbc811964715e1bf73e74084012062"},
    {file = "zeroconf-0.148.0-cp310-cp310-musllinux_1_2_armv7l.whl", hash = "sha256:429e8ed8428737f2586992aaf11a21302184cd4e1c641fbd7abe8946d9ff7089"},
    {file = "zeroconf-0.148.0-cp310-cp310-musllinux_1_2_x86_64.whl", hash = "sha256:aa0cdcb91f231789d8f6ba7ed702d05a36975e7b06fd663aff25205ddca2b659"},
    {file = "zeroconf-0.148.0-cp310-cp310-win32.whl", hash = "sha256:3c1ec76c031712c6289cc94acee43e7bf7a6cb52b45675278348926eacffc668"},
    {file = "zeroconf-0.148.0-cp310-cp310-win_amd64.whl", hash = "sha256:144fa2e0246292ea9c62792327d230f1b996c65cec16024b10689ee597b05ab2"},
    {file = "zeroconf-0.148.0-cp311-cp311-macosx_10_9_x86_64.whl", hash = "sha256:b923e26369e302863aa5370eff4d4d72a0b90ba85d3b9f608c62cbab78f14dc2"},
    {file = "zeroconf-0.148.0-cp311-cp311-macosx_11_0_arm64.whl", hash = "sha256:0cbffd751877b74cd64c529061e5a524ebfa59af16930330548033e307701fee"},
    {file = "zeroconf-0.148.0-cp311-cp311-manylinux2014_aarch64.manylinux_2_17_aarch64.manylinux_2_28_aarch64.whl", hash = "sha256:34275f60a5ab01d2d0a190662d16603b75f9225cee4ab58d388ff86d8011352a"},
    {file = "zeroconf-0.148.0-cp311-cp311-manylinux2014_armv7l.manylinux_2_17_armv7l.manylinux_2_31_armv7l.whl", hash = "sha256:556ff0b9dfc0189f33c6e6110aa23d9f7564a7475f4cdc624a0584c1133ae44b"},
    {file = "zeroconf-0.148.0-cp311-cp311-manylinux2014_x86_64.manylinux_2_17_x86_64.manylinux_2_28_x86_64.whl", hash = "sha256:b8aa15461e35169b4ec25cc45ec82750023e6c2e96ebc099a014caaf544316f7"},
    {file = "zeroconf-0.148.0-cp311-cp311-musllinux_1_2_aarch64.whl", hash = "sha256:25b8b72177bbe0792f5873c16330d759811540edb24ed9ead305874183eaefd5"},
    {file = "zeroconf-0.148.0-cp311-cp311-musllinux_1_2_armv7l.whl", hash = "sha256:10ce75cdb524f955773114697633d73644aad6c35daef5315fa478bff9bee24d"},
    {file = "zeroconf-0.148.0-cp311-cp311-musllinux_1_2_x86_64.whl", hash = "sha256:49512e6d59be66be769f36e1f7f025a2841783da1be708d4b4a92a7b63135b68"},
    {file = "zeroconf-0.148.0-cp311-cp311-win32.whl", hash = "sha256:8ff905f8ff9083a853eb4e65eb31b09fa9d7a6633de92ac1e2018819eee52d30"},
    {file = "zeroconf-0.148.0-cp311-cp311-win_amd64.whl", hash = "sha256:7339a485403c75aa4f3c38ddcb68eb14f01fd5e1dc1ef75b068b185e703ea7ea"},
    {file = "zeroconf-0.148.0-cp312-cp312-macosx_10_13_x86_64.whl", hash = "sha256:aef8699ea47cd47c9219e3f110a35ad50c13c34c7c6db992f3c9f75feec6ef8f"},
    {file = "zeroconf-0.148.0-cp312-cp312-macosx_11_0_arm64.whl", hash = "sha256:9097e7010b9f9a64e5f2084493e9973d446bd85c7a7cbef5032b2b0a2ecc5a12"},
    {file = "zeroconf-0.148.0-cp312-cp312-manylinux2014_aarch64.manylinux_2_17_aarch64.manylinux_2_28_aarch64.whl", hash = "sha256:cdc566c387260fb7bf89f91d00460d0c9b9373dfddcf1fcc980ab3f7270154f9"},
    {file = "zeroconf-0.148.0-cp312-cp312-manylinux2014_armv7l.manylinux_2_17_armv7l.manylinux_2_31_armv7l.whl", hash = "sha256:10cbd4134cacc22c3b3b169d7f782472a1dd36895e1421afa4f681caf181c07b"},
    {file = "zeroconf-0.148.0-cp312-cp312-manylinux2014_x86_64.manylinux_2_17_x86_64.manylinux_2_28_x86_64.whl", hash = "sha256:dde01541e6a45c4d1b6e6d97b532ea241abc32c183745a74021b134d867388d8"},
    {file = "zeroconf-0.148.0-cp312-cp312-musllinux_1_2_aarch64.whl", hash = "sha256:8ceab8f10ab6fc0847a2de74377663793a974fdba77e7e6ba1ff47679f4bb845"},
    {file = "zeroconf-0.148.0-cp312-cp312-musllinux_1_2_armv7l.whl", hash = "sha256:0a8c36c37d8835420fc337be4aaa03c3a34272028919de575124c10d31a7e304"},
    {file = "zeroconf-0.148.0-cp312-cp312-musllinux_1_2_x86_64.whl", hash = "sha256:848d57df1bb3b48279ba9b66e6c1f727570e2c8e7e0c4518c2daffaf23419d03"},
    {file = "zeroconf-0.148.0-cp312-cp312-win32.whl", hash = "sha256:ba6eaa6b769924391c213dc391f36bd1c7e3ebe45fa3fa0cd97451b4f9ccef5c"},
    {file = "zeroconf-0.148.0-cp312-cp312-win_amd64.whl", hash = "sha256:cec84ae7028db4a3addcc18628d12456cf39a9e973abee4a41e3b94d0db7df4c"},
    {file = "zeroconf-0.148.0-cp313-cp313-macosx_10_13_x86_64.whl", hash = "sha256:6ad889929bdc3953530546a4a2486d8c07f5a18d4ef494a98446bf17414897a7"},
    {file = "zeroconf-0.148.0-cp313-cp313-macosx_11_0_arm64.whl", hash = "sha256:29fb10be743650eb40863f1a1ee868df1869357a0c2ab75140ee3d7079540c1e"},
    {file = "zeroconf-0.148.0-cp313-cp313-manylinux2014_aarch64.manylinux_2_17_aarch64.manylinux_2_28_aarch64.whl", hash = "sha256:f2995e74969c577461060539164c47e1ba674470585cb0f954ebeb77f032f3c2"},
    {file = "zeroconf-0.148.0-cp313-cp313-manylinux2014_armv7l.manylinux_2_17_armv7l.manylinux_2_31_armv7l.whl", hash = "sha256:5be50346efdc20823f9d68d8757612767d11ceb8da7637d46080977b87912551"},
    {file = "zeroconf-0.148.0-cp313-cp313-manylinux2014_x86_64.manylinux_2_17_x86_64.manylinux_2_28_x86_64.whl", hash = "sha256:cc88fd01b5552ffb4d5bc551d027ac28a1852c03ceab754d02bd0d5f04c54e85"},
    {file = "zeroconf-0.148.0-cp313-cp313-manylinux_2_36_x86_64.whl", hash = "sha256:5af260c74187751c0df6a40f38d6fd17cb8658a734b0e1148a86084b71c1977c"},
    {file = "zeroconf-0.148.0-cp313-cp313-musllinux_1_2_aarch64.whl", hash = "sha256:b6078c73a76d49ba969ca2bb7067e4d58ebd2b79a5f956e45c4c989b11d36e03"},
    {file = "zeroconf-0.148.0-cp313-cp313-musllinux_1_2_armv7l.whl", hash = "sha256:3e686bf741158f4253d5e0aa6a8f9d34b3140bf5826c0aca9b906273b9c77a5f"},
    {file = "zeroconf-0.148.0-cp313-cp313-musllinux_1_2_x86_64.whl", hash = "sha256:52d6ac06efe05a1e46089cfde066985782824f64b64c6982e8678e70b4b49453"},
    {file = "zeroconf-0.148.0-cp313-cp313-win32.whl", hash = "sha256:b9ba58e2bbb0cff020b54330916eaeb8ee8f4b0dde852e84f670f4ca3a0dd059"},
    {file = "zeroconf-0.148.0-cp313-cp313-win_amd64.whl", hash = "sha256:ee3fcc2edcc04635cf673c400abac2f0c22c9786490fbfb971e0a860a872bf26"},
    {file = "zeroconf-0.148.0-cp314-cp314-macosx_10_13_x86_64.whl", hash = "sha256:2158d8bfefcdb90237937df65b2235870ccef04644497e4e29d3ab5a4b3199b6"},
    {file = "zeroconf-0.148.0-cp314-cp314-macosx_11_0_arm64.whl", hash = "sha256:695f6663bf8df30fe1826a2c4d5acd8213d9cbd9111f59d375bf1ad635790e98"},
    {file = "zeroconf-0.148.0-cp314-cp314-manylinux2014_aarch64.manylinux_2_17_aarch64.manylinux_2_28_aarch64.whl", hash = "sha256:aa65a24ec055be0a1cba2b986ac3e1c5d97a40abe164991aabc6a6416cc9df02"},
    {file = "zeroconf-0.148.0-cp314-cp314-manylinux2014_armv7l.manylinux_2_17_armv7l.manylinux_2_31_armv7l.whl", hash = "sha256:79890df4ff696a5cdc4a59152957be568bea1423ed13632fc09e2a196c6721d5"},
    {file = "zeroconf-0.148.0-cp314-cp314-manylinux2014_x86_64.manylinux_2_17_x86_64.manylinux_2_28_x86_64.whl", hash = "sha256:6c0ca6e8e063eb5a385469bb8d8dec12381368031cb3a82c446225511863ede3"},
    {file = "zeroconf-0.148.0-cp314-cp314-musllinux_1_2_aarch64.whl", hash = "sha256:ece6f030cc7a771199760963c11ce4e77ed95011eedffb1ca5186247abfec24a"},
    {file = "zeroconf-0.148.0-cp314-cp314-musllinux_1_2_armv7l.whl", hash = "sha256:c3f860ad0003a8999736fa2ae4c2051dd3c2e5df1bc1eaea2f872f5fcbd1f1c1"},
    {file = "zeroconf-0.148.0-cp314-cp314-musllinux_1_2_x86_64.whl", hash = "sha256:ab8e687255cf54ebeae7ede6a8be0566aec752c570e16dbea84b3f9b149ba829"},
    {file = "zeroconf-0.148.0-cp314-cp314-win32.whl", hash = "sha256:6b1a6ddba3328d741798c895cecff21481863eb945c3e5d30a679461f4435684"},
    {file = "zeroconf-0.148.0-cp314-cp314-win_amd64.whl", hash = "sha256:2588f1ca889f57cdc09b3da0e51175f1b6153ce0f060bf5eb2a8804c5953b135"},
    {file = "zeroconf-0.148.0-cp314-cp314t-macosx_10_13_x86_64.whl", hash = "sha256:40fe100381365c983a89e4b219a7ececcc2a789ac179cd26d4a6bbe00ae3e8fe"},
    {file = "zeroconf-0.148.0-cp314-cp314t-macosx_11_0_arm64.whl", hash = "sha256:0b9c7bcae8af8e27593bad76ee0f0c21d43c6a2324cd1e34d06e6e08cb3fd922"},
    {file = "zeroconf-0.148.0-cp314-cp314t-manylinux2014_aarch64.manylinux_2_17_aarch64.manylinux_2_28_aarch64.whl", hash = "sha256:cf8ba75dacd58558769afb5da24d83da4fdc2a5c43a52f619aaa107fa55d3fdc"},
    {file = "zeroconf-0.148.0-cp314-cp314t-manylinux2014_armv7l.manylinux_2_17_armv7l.manylinux_2_31_armv7l.whl", hash = "sha256:75f9a8212c541a4447c064433862fd4b23d75d47413912a28204d2f9c4929a59"},
    {file = "zeroconf-0.148.0-cp314-cp314t-manylinux2014_x86_64.manylinux_2_17_x86_64.manylinux_2_28_x86_64.whl", hash = "sha256:be64c0eb48efa1972c13f7f17a7ac0ed7932ebb9672e57f55b17536412146206"},
    {file = "zeroconf-0.148.0-cp314-cp314t-musllinux_1_2_aarch64.whl", hash = "sha256:ac1d4ee1d5bac71c27aea6d1dc1e1485423a1631a81be1ea65fb45ac280ade96"},
    {file = "zeroconf-0.148.0-cp314-cp314t-musllinux_1_2_armv7l.whl", hash = "sha256:8da9bdb39ead9d5971136046146cd5e11413cb979c011e19f717b098788b5c37"},
    {file = "zeroconf-0.148.0-cp314-cp314t-musllinux_1_2_x86_64.whl", hash = "sha256:f6e3dd22732df47a126aefb5ca4b267e828b47098a945d4468d38c72843dd6df"},
    {file = "zeroconf-0.148.0-cp314-cp314t-win32.whl", hash = "sha256:cdc8083f0b5efa908ab6c8e41687bcb75fd3d23f49ee0f34cbc58422437a456f"},
    {file = "zeroconf-0.148.0-cp314-cp314t-win_amd64.whl", hash = "sha256:f72c1f77a89638e87f243a63979f0fd921ce391f83e18e17ec88f9f453717701"},
    {file = "zeroconf-0.148.0-cp39-cp39-macosx_10_9_x86_64.whl", hash = "sha256:3a6e61c5b3905efed2137a07d84953ba4419795646fd18eccbd17018da2e965d"},
    {file = "zeroconf-0.148.0-cp39-cp39-macosx_11_0_arm64.whl", hash = "sha256:ae41805df91ff657dd70179089df1d03e7ab756feb13dbcbc8a412cd8c50623e"},
    {file = "zeroconf-0.148.0-cp39-cp39-manylinux2014_aarch64.manylinux_2_17_aarch64.manylinux_2_28_aarch64.whl", hash = "sha256:ff53a8d01c3b9a1e50606446ed07d534db5def55046ffdbbacac7888d9c699ae"},
    {file = "zeroconf-0.148.0-cp39-cp39-manylinux2014_armv7l.manylinux_2_17_armv7l.manylinux_2_31_armv7l.whl", hash = "sha256:45a51e1f507dfc3f621ecc23168aaa56783b33d4f5d676088f69f913f0b56073"},
    {file = "zeroconf-0.148.0-cp39-cp39-manylinux2014_x86_64.manylinux_2_17_x86_64.manylinux_2_28_x86_64.whl", hash = "sha256:b41d1004e0356720ac81cddd7e4bd622c73be951b92c6b89ccaf6429996563ac"},
    {file = "zeroconf-0.148.0-cp39-cp39-musllinux_1_2_aarch64.whl", hash = "sha256:a53293291d683fc690c1cee0352f2c6dfc0f717f643e676a3c6f0df37a7f1b17"},
    {file = "zeroconf-0.148.0-cp39-cp39-musllinux_1_2_armv7l.whl", hash = "sha256:04607192ef33f4c9280bbd1b716564f821a7935661b8a35be34ee1e0acc0657d"},
    {file = "zeroconf-0.148.0-cp39-cp39-musllinux_1_2_x86_64.whl", hash = "sha256:2545561551a9ba684897785e6678f3c67fee8e13b09f9f88d0f69e570b540d5b"},
    {file = "zeroconf-0.148.0-cp39-cp39-win32.whl", hash = "sha256:d78e200a3830074c79c0a014595ace49a24afa6a8a2d903326f44751107afbfd"},
    {file = "zeroconf-0.148.0-cp39-cp39-win_amd64.whl", hash = "sha256:0800443953f9b490ded275a84008631f441879e9164635a62a4f1c6e71f28bd0"},
    {file = "zeroconf-0.148.0.tar.gz", hash = "sha256:03fcca123df3652e23d945112d683d2f605f313637611b7d4adf31056f681702"},
]

[package.dependencies]
ifaddr = ">=0.1.7"

[metadata]
lock-version = "2.0"
python-versions = "~3.12"
content-hash = "2d4ff6c7be020ca021997663619a6b2938b10aadf87dcbc9507cb6dec9b28b28"
