# This file is automatically @generated by Poetry 2.4.1 and should not be changed by hand.

[[package]]
name = "annotated-doc"
version = "0.0.4"
description = "Document parameters, class attributes, return types, and variables inline, with Annotated."
optional = false
python-versions = ">=3.8"
groups = ["main"]
files = [
    {file = "annotated_doc-0.0.4-py3-none-any.whl", hash = "sha256:571ac1dc6991c450b25a9c2d84a3705e2ae7a53467b5d111c24fa8baabbed320"},
    {file = "annotated_doc-0.0.4.tar.gz", hash = "sha256:fbcda96e87e9c92ad167c2e53839e57503ecfda18804ea28102353485033faa4"},
]

[[package]]
name = "certifi"
version = "2026.7.22"
description = "Python package for providing Mozilla's CA Bundle."
optional = false
python-versions = ">=3.7"
groups = ["main"]
files = [
    {file = "certifi-2026.7.22-py3-none-any.whl", hash = "sha256:62f22742b58a1a33014a2b6b706588a8d7e2a88ae7bd1a6ebe8c992928483775"},
    {file = "certifi-2026.7.22.tar.gz", hash = "sha256:741e2c3b351ddf169a738da9f2c048608ff7f2c5cc02f1ebc6b118bb090d5d55"},
]

[[package]]
name = "charset-normalizer"
version = "3.4.9"
description = "The Real First Universal Charset Detector. Open, modern and actively maintained alternative to Chardet."
optional = false
python-versions = ">=3.7"
groups = ["main"]
files = [
    {file = "charset_normalizer-3.4.9-cp310-cp310-macosx_10_9_universal2.whl", hash = "sha256:cd6280cf040f233bd7d3407b743b4b4c74f70e8e1c4199cb112a62c941c0772a"},
    {file = "charset_normalizer-3.4.9-cp310-cp310-manylinux2014_aarch64.manylinux_2_17_aarch64.manylinux_2_28_aarch64.whl", hash = "sha256:aa99adc8f081b475a12843953db36831eaf83ec33eb46a90629ca6a5de45a616"},
    {file = "charset_normalizer-3.4.9-cp310-cp310-manylinux2014_ppc64le.manylinux_2_17_ppc64le.manylinux_2_28_ppc64le.whl", hash = "sha256:c1225416b463483160e4af85d5fc3a9690ccb53fd4b1865a6437825f5ede3209"},
    {file = "charset_normalizer-3.4.9-cp310-cp310-manylinux2014_s390x.manylinux_2_17_s390x.manylinux_2_28_s390x.whl", hash = "sha256:16d10d789dd9bcca1173c95af82c58433122564b7bc39385124be735a35cbe99"},
    {file = "charset_normalizer-3.4.9-cp310-cp310-manylinux2014_x86_64.manylinux_2_17_x86_64.manylinux_2_28_x86_64.whl", hash = "sha256:9bb41182d93ea91f60b4bc8fbf4c820c69ef8a12ab2d917f3f1834f1acad07e8"},
    {file = "charset_normalizer-3.4.9-cp310-cp310-manylinux_2_31_armv7l.whl", hash = "sha256:bcf74c1df76758a395bf0af608c04c82257523f55c9868b334f06270d0f2112b"},
    {file = "charset_normalizer-3.4.9-cp310-cp310-manylinux_2_31_riscv64.manylinux_2_39_riscv64.whl", hash = "sha256:b5314963fce9b0b12743891de876e724997864ee22aa496f903f426c7e2fa5b2"},
    {file = "charset_normalizer-3.4.9-cp310-cp310-musllinux_1_2_aarch64.whl", hash = "sha256:e9701d0049d92c16703a42771b98d560b95248949f23f8cf7b4eddd201814fb9"},
    {file = "charset_normalizer-3.4.9-cp310-cp310-musllinux_1_2_armv7l.whl", hash = "sha256:65a7ff3f705e57d392f7261b6d0550fe137c3019477431f1c355e0db0a7d3e15"},
    {file = "charset_normalizer-3.4.9-cp310-cp310-musllinux_1_2_x86_64.whl", hash = "sha256:79580094b00d1789d1f93ea55bc43cb2f611910c72235b7657f3482ddcc1b22d"},
    {file = "charset_normalizer-3.4.9-cp310-cp310-win32.whl", hash = "sha256:432786d3561e69aeeae6c7e8648964ce0ad05736120135601f87ac26b9c83381"},
    {file = "charset_normalizer-3.4.9-cp310-cp310-win_amd64.whl", hash = "sha256:8c041122946b7ba21bb32c45b1aa57b1be35527690aeb3c5c234521085632eee"},
    {file = "charset_normalizer-3.4.9-cp310-cp310-win_arm64.whl", hash = "sha256:375b83ed0aecfce76c16d198fbc21f3b11b337d68662bea0a995046682a11419"},
    {file = "charset_normalizer-3.4.9-cp311-cp311-macosx_10_9_universal2.whl", hash = "sha256:0e94703ec9684807f20cfb5eed95c70f67f2a8f21ad620146d7b5a13677b93e5"},
    {file = "charset_normalizer-3.4.9-cp311-cp311-manylinux2014_aarch64.manylinux_2_17_aarch64.manylinux_2_28_aarch64.whl", hash = "sha256:2a441ea71902098ffe78c5abe6c494f44160b4af614ed16c3d9a3b1d17fd8ee2"},
    {file = "charset_normalizer-3.4.9-cp311-cp311-manylinux2014_ppc64le.manylinux_2_17_ppc64le.manylinux_2_28_ppc64le.whl", hash = "sha256:304b13570067b2547562e308af560b3963857b1fa90bd6afd978130130fe2d6a"},
    {file = "charset_normalizer-3.4.9-cp311-cp311-manylinux2014_s390x.manylinux_2_17_s390x.manylinux_2_28_s390x.whl", hash = "sha256:4773092f8019072343a7447203308b176e10199920eb02d6195e81bbb3274c29"},
    {file = "charset_normalizer-3.4.9-cp311-cp311-manylinux2014_x86_64.manylinux_2_17_x86_64.manylinux_2_28_x86_64.whl", hash = "sha256:04ce310cb89c15df659582aee80a0603788732a5e017d5bd5c81158106ce249c"},
    {file = "charset_normalizer-3.4.9-cp311-cp311-manylinux_2_31_armv7l.whl", hash = "sha256:c0323c9daef75ef2e5083624b4585018a0c9d5e3b40f607eed81a311270b934b"},
    {file = "charset_normalizer-3.4.9-cp311-cp311-manylinux_2_31_riscv64.manylinux_2_39_riscv64.whl", hash = "sha256:871ff67ea1aad4dfd91736464934d56b32dac49f9fbe16cddba36198a7b3a0db"},
    {file = "charset_normalizer-3.4.9-cp311-cp311-musllinux_1_2_aarch64.whl", hash = "sha256:67830fc78e67501f47bb950471b2dcb9b35b140084429318e862895a8e89c993"},
    {file = "charset_normalizer-3.4.9-cp311-cp311-musllinux_1_2_armv7l.whl", hash = "sha256:3d92613ec25e43b05f042302531ec0f00b8445190e43325880cbd6ab7c2581da"},
    {file = "charset_normalizer-3.4.9-cp311-cp311-musllinux_1_2_x86_64.whl", hash = "sha256:280081916dc341820640489a66e4696049401ef1cf6dd672f672e70ad915aca3"},
    {file = "charset_normalizer-3.4.9-cp311-cp311-win32.whl", hash = "sha256:ac351b3b8014eead140e77e9717e2992c6bbe30b63bc3422422eb84865412e3d"},
    {file = "charset_normalizer-3.4.9-cp311-cp311-win_amd64.whl", hash = "sha256:6366a16e1a25018694d6a5d784d09b046edc9eac40ea2b54065c3052672516a1"},
    {file = "charset_normalizer-3.4.9-cp311-cp311-win_arm64.whl", hash = "sha256:1d22856ffbe153a602df38e4a5464f0b748a54002e0d69ac6d2ad0a197cc99ec"},
    {file = "charset_normalizer-3.4.9-cp312-cp312-macosx_10_13_universal2.whl", hash = "sha256:45b0cc4e3556cd875e09102988d1ab8356c998b596c9fced84547c8138b487a0"},
    {file = "charset_normalizer-3.4.9-cp312-cp312-manylinux2014_aarch64.manylinux_2_17_aarch64.manylinux_2_28_aarch64.whl", hash = "sha256:9b2aff1c7b3884512b9512c3eaadd9bab39fb45042ffaaa1dd08ff2b9f8109d9"},
    {file = "charset_normalizer-3.4.9-cp312-cp312-manylinux2014_ppc64le.manylinux_2_17_ppc64le.manylinux_2_28_ppc64le.whl", hash = "sha256:9104ed0bd76a429d46f9ec0dbc9b08ad1d2dcdf2b00a5a0daa1c145329b35b44"},
    {file = "charset_normalizer-3.4.9-cp312-cp312-manylinux2014_s390x.manylinux_2_17_s390x.manylinux_2_28_s390x.whl", hash = "sha256:7b86a2b16095d250c6f58b3d9b2eee6f4147754344f3dab0922f7c9bf7d226c9"},
    {file = "charset_normalizer-3.4.9-cp312-cp312-manylinux2014_x86_64.manylinux_2_17_x86_64.manylinux_2_28_x86_64.whl", hash = "sha256:5e226f6218febc71f6c1fc2fafb91c226f75bdc1d8fb12d66823716e891608fd"},
    {file = "charset_normalizer-3.4.9-cp312-cp312-manylinux_2_31_armv7l.whl", hash = "sha256:90c44bc373b7687f6948b693cceaea1348ae0975d7474746559494468e3c1d84"},
    {file = "charset_normalizer-3.4.9-cp312-cp312-manylinux_2_31_riscv64.manylinux_2_39_riscv64.whl", hash = "sha256:9cdef90ae47919cae358d8ab15797a800ed41da7aba5d72419fb510729e2ed4b"},
    {file = "charset_normalizer-3.4.9-cp312-cp312-musllinux_1_2_aarch64.whl", hash = "sha256:60f44ade2cf573dad7a277e6f8ca9a51a21dda572b13bd7d8539bb3cd5dbedde"},
    {file = "charset_normalizer-3.4.9-cp312-cp312-musllinux_1_2_armv7l.whl", hash = "sha256:a1786910334ed46ab1dd73222f2cd1e05c2c3bb39f6dddb4f8b36fc382058a39"},
    {file = "charset_normalizer-3.4.9-cp312-cp312-musllinux_1_2_x86_64.whl", hash = "sha256:03d07803992c6c7bbc976327f34b18b6160327fc81cb82c9d504720ac0be3b62"},
    {file = "charset_normalizer-3.4.9-cp312-cp312-win32.whl", hash = "sha256:78841cccf1af7b40f6f716338d50c0902dbe88d9f800b3c973b7a9a0a693a642"},
    {file = "charset_normalizer-3.4.9-cp312-cp312-win_amd64.whl", hash = "sha256:4b3dac63058cc36820b0dd072f89898604e2d39686fe05321729d00d8ac185a0"},
    {file = "charset_normalizer-3.4.9-cp312-cp312-win_arm64.whl", hash = "sha256:78fa18e436a1a0e58dbd7e02fc4473f3f32cceb12df9dfca542d075961c307d2"},
    {file = "charset_normalizer-3.4.9-cp313-cp313-macosx_10_13_universal2.whl", hash = "sha256:440eede837960000d74978f0eba527be106b5b9aee0daf779d395276ed0b0614"},
    {file = "charset_normalizer-3.4.9-cp313-cp313-manylinux2014_aarch64.manylinux_2_17_aarch64.manylinux_2_28_aarch64.whl", hash = "sha256:21e764fd1e70b6a3e205a0e46f3051701f98a8cb3fad66eeb80e48bb502f8698"},
    {file = "charset_normalizer-3.4.9-cp313-cp313-manylinux2014_ppc64le.manylinux_2_17_ppc64le.manylinux_2_28_ppc64le.whl", hash = "sha256:e4fd89cc178bced6ad29cb3e6dd4aa63fa5017c3524dbd0b25998fb64a87cc8b"},
    {file = "charset_normalizer-3.4.9-cp313-cp313-manylinux2014_s390x.manylinux_2_17_s390x.manylinux_2_28_s390x.whl", hash = "sha256:bd47ba7fc3ca94896759ea0109775132d3e7ab921fbf54038e1bab2e46c313c9"},
    {file = "charset_normalizer-3.4.9-cp313-cp313-manylinux2014_x86_64.manylinux_2_17_x86_64.manylinux_2_28_x86_64.whl", hash = "sha256:84fd18bcc17526fc2b3c1af7d2b9217d32c9c04448c16ec693b9b4f1985c3d33"},
    {file = "charset_normalizer-3.4.9-cp313-cp313-manylinux_2_31_armv7l.whl", hash = "sha256:5b10cd92fc5c498b35a8635df6d5a100207f88b63a4dc1de7ef9a548e1e2cd63"},
    {file = "charset_normalizer-3.4.9-cp313-cp313-manylinux_2_31_riscv64.manylinux_2_39_riscv64.whl", hash = "sha256:a4fbdde9dd4a9ce5fd52c2b3a347bb50cc89483ef783f1cb00d408c13f7a96c0"},
    {file = "charset_normalizer-3.4.9-cp313-cp313-musllinux_1_2_aarch64.whl", hash = "sha256:416c229f77e5ea25b3dfd4b582f8d73d7e43c22320302b9ab128a2d3a0b38efe"},
    {file = "charset_normalizer-3.4.9-cp313-cp313-musllinux_1_2_armv7l.whl", hash = "sha256:75286256590a6320cf106a0d28970d3560aad9ee09aa7b34fb40524792436d35"},
    {file = "charset_normalizer-3.4.9-cp313-cp313-musllinux_1_2_x86_64.whl", hash = "sha256:69b157c5d3292bcd443faca052f3096f637f1e074b98212a933c074ae23dc3b8"},
    {file = "charset_normalizer-3.4.9-cp313-cp313-win32.whl", hash = "sha256:51307f5c71007673a2bf8232ad973483d281e74cb99c8c5a990af1eefa6277d9"},
    {file = "charset_normalizer-3.4.9-cp313-cp313-win_amd64.whl", hash = "sha256:fe2c7201c642b7c308f1675355ad7ff7b66acfe3541625efe5a3ad38f29d6115"},
    {file = "charset_normalizer-3.4.9-cp313-cp313-win_arm64.whl", hash = "sha256:611057cc5d5c0afc743ba8be6bd828c17e0aaa8643f9d0a9b9bb7dea80eb8012"},
    {file = "charset_normalizer-3.4.9-cp314-cp314-macosx_10_15_universal2.whl", hash = "sha256:0327fcd59a935777d83410750c50600ee9571af2846f71ce40f25b13da1ef380"},
    {file = "charset_normalizer-3.4.9-cp314-cp314-manylinux2014_aarch64.manylinux_2_17_aarch64.manylinux_2_28_aarch64.whl", hash = "sha256:8a79d9f4d8001473a30c163556b3c3bfebec837495a412dde78b51672f6134f9"},
    {file = "charset_normalizer-3.4.9-cp314-cp314-manylinux2014_ppc64le.manylinux_2_17_ppc64le.manylinux_2_28_ppc64le.whl", hash = "sha256:33bdcc2a32c0a0e861f60841a512c8acc658c87c2ac59d89e3a46dacf7d866e4"},
    {file = "charset_normalizer-3.4.9-cp314-cp314-manylinux2014_s390x.manylinux_2_17_s390x.manylinux_2_28_s390x.whl", hash = "sha256:f840ed6d8ecba8255df8c42b87fadeda98ddfc6eeec05e2dc66e26d46dd6f58a"},
    {file = "charset_normalizer-3.4.9-cp314-cp314-manylinux2014_x86_64.manylinux_2_17_x86_64.manylinux_2_28_x86_64.whl", hash = "sha256:c25fe15c70c59eb7c5ce8c06a1f3fa1da0ecc5ea1e7a5922c40fd2fa9b0d5046"},
    {file = "charset_normalizer-3.4.9-cp314-cp314-manylinux_2_31_armv7l.whl", hash = "sha256:f7fb7d750cfa0a070d2c24e831fd3481019a60dd317ea2b39acbcebc08b6ed81"},
    {file = "charset_normalizer-3.4.9-cp314-cp314-manylinux_2_31_riscv64.manylinux_2_39_riscv64.whl", hash = "sha256:4d1c96a7a18b9690a4d46df09e3e3382406ae3213727cd1019ebade1c4a81917"},
    {file = "charset_normalizer-3.4.9-cp314-cp314-musllinux_1_2_aarch64.whl", hash = "sha256:a4cfde78a9f2880208d16a93b795726a3017d5977e08d1e162a7a31322479c41"},
    {file = "charset_normalizer-3.4.9-cp314-cp314-musllinux_1_2_armv7l.whl", hash = "sha256:d4d6fcde76f94f5cb9e43e9e9a61f16dacefd228cbbf6f1a09bd9b219a92f1a1"},
    {file = "charset_normalizer-3.4.9-cp314-cp314-musllinux_1_2_x86_64.whl", hash = "sha256:898f0e9068ca27d37f8e83a5b962821df851532e6c4a7d615c1c033f9da6eedf"},
    {file = "charset_normalizer-3.4.9-cp314-cp314-win32.whl", hash = "sha256:c1c948747b03be832dceed96ca815cef7360de9aa19d37c730f8e3f6101aca48"},
    {file = "charset_normalizer-3.4.9-cp314-cp314-win_amd64.whl", hash = "sha256:16b65ea0f2465b6fb52aa22de5eca612aa964ddfec00a912e26f4656cbef890b"},
    {file = "charset_normalizer-3.4.9-cp314-cp314-win_arm64.whl", hash = "sha256:40a126142a56b2dfc0aacbad1de8310cbf60da7656db0e6b16eebd48e3e93519"},
    {file = "charset_normalizer-3.4.9-cp314-cp314t-macosx_10_15_universal2.whl", hash = "sha256:609b3ba8fcc0fb5ab7af00719d0fb6ad0cb518e48e7712d12fd68f1327951198"},
    {file = "charset_normalizer-3.4.9-cp314-cp314t-manylinux2014_aarch64.manylinux_2_17_aarch64.manylinux_2_28_aarch64.whl", hash = "sha256:51447e9aa2684679af07ca5021c3db526e0284347ebf4ffcec1154c3350cfe32"},
    {file = "charset_normalizer-3.4.9-cp314-cp314t-manylinux2014_ppc64le.manylinux_2_17_ppc64le.manylinux_2_28_ppc64le.whl", hash = "sha256:cc1b0fff8ead343dae06305f954eb8468ba0ec1a97881f42489d198e4ce3c632"},
    {file = "charset_normalizer-3.4.9-cp314-cp314t-manylinux2014_s390x.manylinux_2_17_s390x.manylinux_2_28_s390x.whl", hash = "sha256:fa36ec09ef71d158186bc79e359ff5fdd6e7996fe8ab638f00d6b93139ba4fcf"},
    {file = "charset_normalizer-3.4.9-cp314-cp314t-manylinux2014_x86_64.manylinux_2_17_x86_64.manylinux_2_28_x86_64.whl", hash = "sha256:df115d4d83168fdf2cae48ef1ff6d1cb4c466364e30861b37121de0f3bf1b990"},
    {file = "charset_normalizer-3.4.9-cp314-cp314t-manylinux_2_31_armv7l.whl", hash = "sha256:f86c6358749bd4fda175388691e3ba8c46e24c5347d0afd20f9b7edfc9faf07d"},
    {file = "charset_normalizer-3.4.9-cp314-cp314t-manylinux_2_31_riscv64.manylinux_2_39_riscv64.whl", hash = "sha256:32286a2c8d167e897177b673176c1e3e00d4057caf5d2b64eef9a3666b03018e"},
    {file = "charset_normalizer-3.4.9-cp314-cp314t-musllinux_1_2_aarch64.whl", hash = "sha256:83aed2c10721ddd90f68140685391b50811a880af20654c59af6b6c66c40513c"},
    {file = "charset_normalizer-3.4.9-cp314-cp314t-musllinux_1_2_armv7l.whl", hash = "sha256:cd6c3d4b783c556fa00bf540854e42f135e2f256abd29669fcd0da0f2dec79c2"},
    {file = "charset_normalizer-3.4.9-cp314-cp314t-musllinux_1_2_x86_64.whl", hash = "sha256:ee2f2a527e3c1a6e6411eb4209642e138b544a2d72fe5d0d76daf77b24063534"},
    {file = "charset_normalizer-3.4.9-cp314-cp314t-win32.whl", hash = "sha256:0d861473f743244d349b50f850d10eb87aeb22bbdcc8e64f79273c94af5a8226"},
    {file = "charset_normalizer-3.4.9-cp314-cp314t-win_amd64.whl", hash = "sha256:9b8e0f3107e2200b76f6054de99016eac3ee6762713587b36baaa7e4bd2ae177"},
    {file = "charset_normalizer-3.4.9-cp314-cp314t-win_arm64.whl", hash = "sha256:19ac87f93086ce37b86e098888555c4b4bc48102279bae3350098c0ed664b501"},
    {file = "charset_normalizer-3.4.9-cp39-cp39-macosx_10_9_universal2.whl", hash = "sha256:253a4a220747e8b5faf57ec320c4f5efb0cef05f647420bf267143ec15dba10a"},
    {file = "charset_normalizer-3.4.9-cp39-cp39-manylinux2014_aarch64.manylinux_2_17_aarch64.manylinux_2_28_aarch64.whl", hash = "sha256:68ce9f4d6b26d5ccbf7fd4459bf75f74a0a146677ebba80597df60cbdb20e6f4"},
    {file = "charset_normalizer-3.4.9-cp39-cp39-manylinux2014_ppc64le.manylinux_2_17_ppc64le.manylinux_2_28_ppc64le.whl", hash = "sha256:58150c9f9b9a552505912d182ccdf26f6396fb6094816ceebcbb20eecabaed94"},
    {file = "charset_normalizer-3.4.9-cp39-cp39-manylinux2014_s390x.manylinux_2_17_s390x.manylinux_2_28_s390x.whl", hash = "sha256:df7276909358e5635ae203673ab7e509ddd224225a8d6b0790bf13eb2bde1cc5"},
    {file = "charset_normalizer-3.4.9-cp39-cp39-manylinux2014_x86_64.manylinux_2_17_x86_64.manylinux_2_28_x86_64.whl", hash = "sha256:3c09a49d6cde137258beb3d551994a2927fd35ad5cf96aed573f61bbd67c5f84"},
    {file = "charset_normalizer-3.4.9-cp39-cp39-manylinux_2_31_armv7l.whl", hash = "sha256:231ddcbb35e2ff8973e1365db41fe0572662893b99a05deb183b68ad4c0c8bd4"},
    {file = "charset_normalizer-3.4.9-cp39-cp39-manylinux_2_31_riscv64.manylinux_2_39_riscv64.whl", hash = "sha256:920079c3f7456fa213e0829ed2073aaa727fd39d889ead5b4f35d0de5460d04f"},
    {file = "charset_normalizer-3.4.9-cp39-cp39-musllinux_1_2_aarch64.whl", hash = "sha256:0fa1aec2d32bcc03c8fa0f6f1712caad1adc38509f31142112e5c9daf5b9c833"},
    {file = "charset_normalizer-3.4.9-cp39-cp39-musllinux_1_2_armv7l.whl", hash = "sha256:ad41ba96094304aa090f5a30cb6e4fb3b3f1c264c523394b4c39bbacc4dc92ba"},
    {file = "charset_normalizer-3.4.9-cp39-cp39-musllinux_1_2_x86_64.whl", hash = "sha256:43b9e366a31fdd1c87d0eb08f579b4a82b723ea54338f040d6b4e518a026ea29"},
    {file = "charset_normalizer-3.4.9-cp39-cp39-win32.whl", hash = "sha256:93d59d504b230e83c7a843251681959a0b6a9cd76f6e146ce1b8a80eb8739af9"},
    {file = "charset_normalizer-3.4.9-cp39-cp39-win_amd64.whl", hash = "sha256:ddf4af30b417d9fe16481e9b81c27ab2a7cde1ff7ba3e85653b02db7d145dc7b"},
    {file = "charset_normalizer-3.4.9-cp39-cp39-win_arm64.whl", hash = "sha256:476743fe6dfe14a2da12e3ac79125dc84a3b2cf8094369a47a1529b0cd8549fe"},
    {file = "charset_normalizer-3.4.9-py3-none-any.whl", hash = "sha256:68e5f26a1ad57ded6d1cfb85331d1c1a195314756471d97758c48498bb4dcdf5"},
    {file = "charset_normalizer-3.4.9.tar.gz", hash = "sha256:673611bbd43f0810bec0b0f028ddeaaa501190339cac411f347ac76917c3ae7b"},
]

[[package]]
name = "colorama"
version = "0.4.6"
description = "Cross-platform colored terminal text."
optional = false
python-versions = "!=3.0.*,!=3.1.*,!=3.2.*,!=3.3.*,!=3.4.*,!=3.5.*,!=3.6.*,>=2.7"
groups = ["main"]
markers = "platform_system == \"Windows\""
files = [
    {file = "colorama-0.4.6-py2.py3-none-any.whl", hash = "sha256:4f1d9991f5acc0ca119f9d443620b77f9d6b33703e51011c16baf57afb285fc6"},
    {file = "colorama-0.4.6.tar.gz", hash = "sha256:08695f5cb7ed6e0531a20572697297273c47b8cae5a63ffc6d6ed5c201be6e44"},
]

[[package]]
name = "idna"
version = "3.18"
description = "Internationalized Domain Names in Applications (IDNA)"
optional = false
python-versions = ">=3.9"
groups = ["main"]
files = [
    {file = "idna-3.18-py3-none-any.whl", hash = "sha256:7f952cbe720b688055e3f87de14f5c3e5fdaa8bc3928985c4077ca689de849a2"},
    {file = "idna-3.18.tar.gz", hash = "sha256:ffb385a7e039654cef1ab9ef32c6fafe283c0c0467bba1d9029738ce4a14a848"},
]

[package.extras]
all = ["mypy (>=1.11.2)", "pytest (>=8.3.2)", "ruff (>=0.6.2)"]

[[package]]
name = "ifaddr"
version = "0.2.0"
description = "Cross-platform network interface and IP address enumeration library"
optional = false
python-versions = "*"
groups = ["main"]
files = [
    {file = "ifaddr-0.2.0-py3-none-any.whl", hash = "sha256:085e0305cfe6f16ab12d72e2024030f5d52674afad6911bb1eee207177b8a748"},
    {file = "ifaddr-0.2.0.tar.gz", hash = "sha256:cc0cbfcaabf765d44595825fb96a99bb12c79716b73b44330ea38ee2b0c4aed4"},
]

[[package]]
name = "leglight"
version = "0.2.0"
description = "A Python module designed to control the Elgato brand Lights."
optional = false
python-versions = ">=3.6"
groups = ["main"]
files = [
    {file = "leglight-0.2.0-py3-none-any.whl", hash = "sha256:223535c92cb9c87c58c1dc2166133a8bc2eb30f47184c272cb84f19b1a07f64d"},
    {file = "leglight-0.2.0.tar.gz", hash = "sha256:41ab462fe12e2ec3e02ff29a00316f822b078c331c70bd36a635568bd1c4204a"},
]

[package.dependencies]
requests = ">=2.22.0"
zeroconf = ">=0.24.3"

[[package]]
name = "markdown-it-py"
version = "4.2.0"
description = "Python port of markdown-it. Markdown parsing, done right!"
optional = false
python-versions = ">=3.10"
groups = ["main"]
files = [
    {file = "markdown_it_py-4.2.0-py3-none-any.whl", hash = "sha256:9f7ebbcd14fe59494226453aed97c1070d83f8d24b6fc3a3bcf9a38092641c4a"},
    {file = "markdown_it_py-4.2.0.tar.gz", hash = "sha256:04a21681d6fbb623de53f6f364d352309d4094dd4194040a10fd51833e418d49"},
]

[package.dependencies]
mdurl = ">=0.1,<1.0"

[package.extras]
benchmarking = ["psutil", "pytest", "pytest-benchmark"]
compare = ["commonmark (>=0.9,<1.0)", "markdown (>=3.4,<4.0)", "markdown-it-pyrs", "mistletoe (>=1.0,<2.0)", "mistune (>=3.0,<4.0)", "panflute (>=2.3,<3.0)"]
linkify = ["linkify-it-py (>=1,<3)"]
plugins = ["mdit-py-plugins (>=0.5.0)"]
profiling = ["gprof2dot"]
rtd = ["ipykernel", "jupyter_sphinx", "mdit-py-plugins (>=0.5.0)", "myst-parser", "pyyaml", "sphinx", "sphinx-book-theme (>=1.0,<2.0)", "sphinx-copybutton", "sphinx-design"]
testing = ["coverage", "pytest", "pytest-cov", "pytest-regressions", "pytest-timeout", "requests"]

[[package]]
name = "mdurl"
version = "0.1.2"
description = "Markdown URL utilities"
optional = false
python-versions = ">=3.7"
groups = ["main"]
files = [
    {file = "mdurl-0.1.2-py3-none-any.whl", hash = "sha256:84008a41e51615a49fc9966191ff91509e3c40b939176e643fd50a5c2196b8f8"},
    {file = "mdurl-0.1.2.tar.gz", hash = "sha256:bb413d29f5eea38f31dd4754dd7377d4465116fb207585f97bf925588687c1ba"},
]

[[package]]
name = "pygments"
version = "2.20.0"
description = "Pygments is a syntax highlighting package written in Python."
optional = false
python-versions = ">=3.9"
groups = ["main"]
files = [
    {file = "pygments-2.20.0-py3-none-any.whl", hash = "sha256:81a9e26dd42fd28a23a2d169d86d7ac03b46e2f8b59ed4698fb4785f946d0176"},
    {file = "pygments-2.20.0.tar.gz", hash = "sha256:6757cd03768053ff99f3039c1a36d6c0aa0b263438fcab17520b30a303a82b5f"},
]

[package.extras]
windows-terminal = ["colorama (>=0.4.6)"]

[[package]]
name = "requests"
version = "2.34.2"
description = "Python HTTP for Humans."
optional = false
python-versions = ">=3.10"
groups = ["main"]
files = [
    {file = "requests-2.34.2-py3-none-any.whl", hash = "sha256:2a0d60c172f83ac6ab31e4554906c0f3b3588d37b5cb939b1c061f4907e278e0"},
    {file = "requests-2.34.2.tar.gz", hash = "sha256:f288924cae4e29463698d6d60bc6a4da69c89185ad1e0bcc4104f584e960b9ed"},
]

[package.dependencies]
certifi = ">=2023.5.7"
charset_normalizer = ">=2,<4"
idna = ">=2.5,<4"
urllib3 = ">=1.26,<3"

[package.extras]
socks = ["PySocks (>=1.5.6,!=1.5.7)"]
use-chardet-on-py3 = ["chardet (>=3.0.2,<8)"]

[[package]]
name = "rich"
version = "15.0.0"
description = "Render rich text, tables, progress bars, syntax highlighting, markdown and more to the terminal"
optional = false
python-versions = ">=3.9.0"
groups = ["main"]
files = [
    {file = "rich-15.0.0-py3-none-any.whl", hash = "sha256:33bd4ef74232fb73fe9279a257718407f169c09b78a87ad3d296f548e27de0bb"},
    {file = "rich-15.0.0.tar.gz", hash = "sha256:edd07a4824c6b40189fb7ac9bc4c52536e9780fbbfbddf6f1e2502c31b068c36"},
]

[package.dependencies]
markdown-it-py = ">=2.2.0"
pygments = ">=2.13.0,<3.0.0"

[package.extras]
jupyter = ["ipywidgets (>=7.5.1,<9)"]

[[package]]
name = "ruff"
version = "0.16.3"
description = "An extremely fast Python linter and code formatter, written in Rust."
optional = false
python-versions = ">=3.7"
groups = ["dev"]
files = [
    {file = "ruff-0.16.3-py3-none-linux_armv6l.whl", hash = "sha256:0c5710e247a58a4521e66e124ba9a74655b414f61ba3a2e9e3811e11098f48f7"},
    {file = "ruff-0.16.3-py3-none-macosx_10_12_x86_64.whl", hash = "sha256:fe155130631a2471fd2e14a7a664a4dfbd7194b8229c3d7b2a40b21178639081"},
    {file = "ruff-0.16.3-py3-none-macosx_11_0_arm64.whl", hash = "sha256:e2ed719e14aa64d895c2ee922594a90a43c861a93f0575a95ff8c47cdbd13eb9"},
    {file = "ruff-0.16.3-py3-none-manylinux_2_17_aarch64.manylinux2014_aarch64.whl", hash = "sha256:9e0b1da805eb043654645d74d5de1e5ce2edc686e40790d2b86f56d71cc06a84"},
    {file = "ruff-0.16.3-py3-none-manylinux_2_17_armv7l.manylinux2014_armv7l.whl", hash = "sha256:a37bdea0bbe21780f590bf437d6412c8c4e1b6cd010f91a65c2c40c5e5f5f870"},
    {file = "ruff-0.16.3-py3-none-manylinux_2_17_i686.manylinux2014_i686.whl", hash = "sha256:09571e6d1288ed9be475207a3ac04ada404f1cd898104be0f6ab8d7df438575b"},
    {file = "ruff-0.16.3-py3-none-manylinux_2_17_ppc64le.manylinux2014_ppc64le.whl", hash = "sha256:2c18c5a101eb540010638cc1ff3c84944d3adb3df62b8d98ca8f22ba484d3413"},
    {file = "ruff-0.16.3-py3-none-manylinux_2_17_s390x.manylinux2014_s390x.whl", hash = "sha256:8457c44f15033c85ddbb77b15d451df9e24e4bd03b628396dd3610cedc3b8f82"},
    {file = "ruff-0.16.3-py3-none-manylinux_2_17_x86_64.manylinux2014_x86_64.whl", hash = "sha256:294b95c4ae0cda9388525c2047778aa758d6b8d4bb876fd4e9eaa3ebc92343eb"},
    {file = "ruff-0.16.3-py3-none-manylinux_2_31_riscv64.whl", hash = "sha256:3d0c7c40c87c2a820509c31ba007968da6e1306468c067b2d82fbfdbcd0e8474"},
    {file = "ruff-0.16.3-py3-none-musllinux_1_2_aarch64.whl", hash = "sha256:9f738c0fdfa8eed0b2ce7fb27ee7258208a92a68d7949e62aa15164bc7b389da"},
    {file = "ruff-0.16.3-py3-none-musllinux_1_2_armv7l.whl", hash = "sha256:fb785f0be25abe69d320415cd4f833b59e17ba7613d9ba6a958023b6bceb0a50"},
    {file = "ruff-0.16.3-py3-none-musllinux_1_2_i686.whl", hash = "sha256:c5536e3acfbf9563085aa2be7b13c629c3077e902afc5b941ac44024dbb9f506"},
    {file = "ruff-0.16.3-py3-none-musllinux_1_2_x86_64.whl", hash = "sha256:a2d85c02f9b8e165d85e6779184d38c4132de12603dab59c51c28e22584f9e4d"},
    {file = "ruff-0.16.3-py3-none-win32.whl", hash = "sha256:388cdf2166642bd9b13d52b5932d3170f34f8abed7e8d9a855f1d84b83645a0a"},
    {file = "ruff-0.16.3-py3-none-win_amd64.whl", hash = "sha256:e80a7d69ca2a6d1c4d352ec91458cdca6e56c83cdbcabd93e4abe1e53591d948"},
    {file = "ruff-0.16.3-py3-none-win_arm64.whl", hash = "sha256:b8ca152da82c1acc1fa8d5874b15951935f0eef46f10e6954c83859011b6178a"},
    {file = "ruff-0.16.3.tar.gz", hash = "sha256:e76d33a347661a84b5be6d043d0347fdc745dfdcf825a8f4fed64b5e26eebdf2"},
]

[[package]]
name = "shellingham"
version = "1.5.4"
description = "Tool to Detect Surrounding Shell"
optional = false
python-versions = ">=3.7"
groups = ["main"]
files = [
    {file = "shellingham-1.5.4-py2.py3-none-any.whl", hash = "sha256:7ecfff8f2fd72616f7481040475a65b2bf8af90a56c89140852d1120324e8686"},
    {file = "shellingham-1.5.4.tar.gz", hash = "sha256:8dbca0739d487e5bd35ab3ca4b36e11c4078f3a234bfce294b0a0291363404de"},
]

[[package]]
name = "typer"
version = "0.27.1"
description = "Typer, build great CLIs. Easy to code. Based on Python type hints."
optional = false
python-versions = ">=3.10"
groups = ["main"]
files = [
    {file = "typer-0.27.1-py3-none-any.whl", hash = "sha256:53150287edd11baeb4e4722c8e394fcdf8181c0ae89485cba8d25c778d5edd56"},
    {file = "typer-0.27.1.tar.gz", hash = "sha256:a79bef8469a79c45498e7b814ecf8d603cc7644e9acbd9e19cac0334240b18df"},
]

[package.dependencies]
annotated-doc = ">=0.0.2"
colorama = {version = "*", markers = "platform_system == \"Windows\""}
rich = ">=13.8.0"
shellingham = ">=1.3.0"

[[package]]
name = "urllib3"
version = "2.7.0"
description = "HTTP library with thread-safe connection pooling, file post, and more."
optional = false
python-versions = ">=3.10"
groups = ["main"]
files = [
    {file = "urllib3-2.7.0-py3-none-any.whl", hash = "sha256:9fb4c81ebbb1ce9531cce37674bbc6f1360472bc18ca9a553ede278ef7276897"},
    {file = "urllib3-2.7.0.tar.gz", hash = "sha256:231e0ec3b63ceb14667c67be60f2f2c40a518cb38b03af60abc813da26505f4c"},
]

[package.extras]
brotli = ["brotli (>=1.2.0) ; platform_python_implementation == \"CPython\"", "brotlicffi (>=1.2.0.0) ; platform_python_implementation != \"CPython\""]
h2 = ["h2 (>=4,<5)"]
socks = ["pysocks (>=1.5.6,!=1.5.7,<2.0)"]
zstd = ["backports-zstd (>=1.0.0) ; python_version < \"3.14\""]

[[package]]
name = "zeroconf"
version = "0.150.0"
description = "A pure python implementation of multicast DNS service discovery"
optional = false
python-versions = ">=3.10"
groups = ["main"]
files = [
    {file = "zeroconf-0.150.0-cp310-cp310-macosx_11_0_arm64.whl", hash = "sha256:6d5cfe83cfa85bf8f9bc31b1b33c20ae708d9ca76cef3ae92333e13f4147b169"},
    {file = "zeroconf-0.150.0-cp310-cp310-manylinux2014_aarch64.manylinux_2_17_aarch64.manylinux_2_28_aarch64.whl", hash = "sha256:34062fd3cb0f49d7f29fddf1d266c3c72a62bef2d6dd3829db036acb6b63473a"},
    {file = "zeroconf-0.150.0-cp310-cp310-manylinux2014_armv7l.manylinux_2_17_armv7l.manylinux_2_31_armv7l.whl", hash = "sha256:525fa1476e5cff7cfd0194a2a1e189150d180ae4b071db632693409165d9a282"},
    {file = "zeroconf-0.150.0-cp310-cp310-manylinux2014_x86_64.manylinux_2_17_x86_64.manylinux_2_28_x86_64.whl", hash = "sha256:e66e5eaae928f6f7e21259652c7b8c20601361b1298c49bab5e8eb6e2741ae32"},
    {file = "zeroconf-0.150.0-cp310-cp310-manylinux_2_31_riscv64.manylinux_2_39_riscv64.whl", hash = "sha256:0b3d7579f23421087abbcba52a307b7645fdf23da5f382e9d08c984bece0da80"},
    {file = "zeroconf-0.150.0-cp310-cp310-musllinux_1_2_aarch64.whl", hash = "sha256:c6b730d14ca9d19bbc67df8d29a05a3775a2c06f1bf987e5db20a9766e8cf558"},
    {file = "zeroconf-0.150.0-cp310-cp310-musllinux_1_2_armv7l.whl", hash = "sha256:34cfd84ab4480008874c224905246acf450637ac826f2c211a91932f17c7f23e"},
    {file = "zeroconf-0.150.0-cp310-cp310-musllinux_1_2_riscv64.whl", hash = "sha256:e2e31aaf0e8376acd279712d85f8303331c16dfc004d4117a58e8a5e233e96a1"},
    {file = "zeroconf-0.150.0-cp310-cp310-musllinux_1_2_x86_64.whl", hash = "sha256:20a240044db62d51f6cd487226638ad50f3ebac4d06945dae4ac7c1c0008f3b3"},
    {file = "zeroconf-0.150.0-cp310-cp310-win32.whl", hash = "sha256:903c7745e2dd0e9d19d742a034651d397d4e3706e9c21b8140e22a8cd56fcc22"},
    {file = "zeroconf-0.150.0-cp310-cp310-win_amd64.whl", hash = "sha256:fbc3c29ed9ec32db0458f1ecfb8dfc42fc608bf3c78f1b8a4d50593f595f5289"},
    {file = "zeroconf-0.150.0-cp311-cp311-macosx_11_0_arm64.whl", hash = "sha256:ad2e3e3062491f56fd16388f1abce6f6185bdc84f221698a38fa9df7b8664c95"},
    {file = "zeroconf-0.150.0-cp311-cp311-manylinux2014_aarch64.manylinux_2_17_aarch64.manylinux_2_28_aarch64.whl", hash = "sha256:e066cc28c7a11703dce80054c5bfc04fae79d18885da9817f64346e842a6a668"},
    {file = "zeroconf-0.150.0-cp311-cp311-manylinux2014_armv7l.manylinux_2_17_armv7l.manylinux_2_31_armv7l.whl", hash = "sha256:f2d2042e73aa04b85781f52d6bf0dba3e2dee83af7b9c64d4af3e0cbc99c2702"},
    {file = "zeroconf-0.150.0-cp311-cp311-manylinux2014_x86_64.manylinux_2_17_x86_64.manylinux_2_28_x86_64.whl", hash = "sha256:7cfe30e667e93a1d60761ff04ec9a9d30808a60d33c3b30a4d280418172dbfa3"},
    {file = "zeroconf-0.150.0-cp311-cp311-manylinux_2_31_riscv64.manylinux_2_39_riscv64.whl", hash = "sha256:b19d651cdca9fb5882401a53da8145faa10761593f50d7f3532a7779951a8ba2"},
    {file = "zeroconf-0.150.0-cp311-cp311-musllinux_1_2_aarch64.whl", hash = "sha256:e63fe609d574c3da6b55a4b947286d72546f9f79319415a163a8f70bca69350a"},
    {file = "zeroconf-0.150.0-cp311-cp311-musllinux_1_2_armv7l.whl", hash = "sha256:69fe797b459411e269af2ee3f80f078a4e12293b26726de9032dc66595ad1fa5"},
    {file = "zeroconf-0.150.0-cp311-cp311-musllinux_1_2_riscv64.whl", hash = "sha256:d86ea29921db3d9d1126f5a47c66b5361699a2ae0c22fa899d7ba23a3fd79d3f"},
    {file = "zeroconf-0.150.0-cp311-cp311-musllinux_1_2_x86_64.whl", hash = "sha256:2ea447817614b40c745f9772a2713464654fb1cf9a2567cc30d2b137108898e3"},
    {file = "zeroconf-0.150.0-cp311-cp311-win32.whl", hash = "sha256:b302879d78a04ebd6f933ea8eaea1d0ca7e72186cc4a483463ec92bd775fc850"},
    {file = "zeroconf-0.150.0-cp311-cp311-win_amd64.whl", hash = "sha256:43c7d5f7416e48503211f87c438c8617ee0cb6f1b3fd47013aa59db030e85ee9"},
    {file = "zeroconf-0.150.0-cp312-cp312-macosx_11_0_arm64.whl", hash = "sha256:1aba87b6c1cdb6859d0c2291c67dc7d3ac06612250fddd95f68b7632e1e89a79"},
    {file = "zeroconf-0.150.0-cp312-cp312-manylinux2014_aarch64.manylinux_2_17_aarch64.manylinux_2_28_aarch64.whl", hash = "sha256:e17a3adc2e4e425c59a1f2a72e289706ec6655fead4d5287f23e1748663df7dc"},
    {file = "zeroconf-0.150.0-cp312-cp312-manylinux2014_armv7l.manylinux_2_17_armv7l.manylinux_2_31_armv7l.whl", hash = "sha256:00fa39069437e68fe7c32856f7d041f46cd57f4f5a13ca75ae8f1c49e39932be"},
    {file = "zeroconf-0.150.0-cp312-cp312-manylinux2014_x86_64.manylinux_2_17_x86_64.manylinux_2_28_x86_64.whl", hash = "sha256:e50a7b3d5922ac9bb53129c4dbc381b0af2f49067670f35eb9c9b4ad341bde28"},
    {file = "zeroconf-0.150.0-cp312-cp312-manylinux_2_31_riscv64.manylinux_2_39_riscv64.whl", hash = "sha256:b93e7cc90a150e6e0a706251c745f2425782cdbc3a7a8b8a12123b96d167960e"},
    {file = "zeroconf-0.150.0-cp312-cp312-musllinux_1_2_aarch64.whl", hash = "sha256:8cd46be1653a194ffb583012ffdf284a5042a1dacd7f44b7befc5de1e8491ba8"},
    {file = "zeroconf-0.150.0-cp312-cp312-musllinux_1_2_armv7l.whl", hash = "sha256:e4f973c9f284031bcc698f1357a44900254ba7f6488c3b9a18541f0221b3f091"},
    {file = "zeroconf-0.150.0-cp312-cp312-musllinux_1_2_riscv64.whl", hash = "sha256:626d057f5a65b2126a6799e538ad78b329cb366c3a5fb9f69757ee23ee06ce5f"},
    {file = "zeroconf-0.150.0-cp312-cp312-musllinux_1_2_x86_64.whl", hash = "sha256:1ddb105722ac7dfdd7b6e0880ef52f955e679fd37a5f3247c6050c74259bda96"},
    {file = "zeroconf-0.150.0-cp312-cp312-win32.whl", hash = "sha256:191972a56d69cb1c6dd472d6af9813730c1937e2e6f89c01e5373df9ab878e11"},
    {file = "zeroconf-0.150.0-cp312-cp312-win_amd64.whl", hash = "sha256:e68cb166f6b535c42550a554ed00939256045e18df8b998f8af3a3bd50506e99"},
    {file = "zeroconf-0.150.0-cp313-cp313-macosx_11_0_arm64.whl", hash = "sha256:4f79d9ce9cc40e14d2f7b8e4af9dcc893b7f7793be91d14a61a77ccb1ab5c90b"},
    {file = "zeroconf-0.150.0-cp313-cp313-manylinux2014_aarch64.manylinux_2_17_aarch64.manylinux_2_28_aarch64.whl", hash = "sha256:8f9ba6980ad92820f56a02a5035e21338c116145db44749462fc46f8f50028bb"},
    {file = "zeroconf-0.150.0-cp313-cp313-manylinux2014_armv7l.manylinux_2_17_armv7l.manylinux_2_31_armv7l.whl", hash = "sha256:1a67dfae0d99b4f29f34721c7bbb2f3529507c64089addec9a565dc791524688"},
    {file = "zeroconf-0.150.0-cp313-cp313-manylinux2014_x86_64.manylinux_2_17_x86_64.manylinux_2_28_x86_64.whl", hash = "sha256:489a51320d20e7f07b2f447cd515f3645d17ceced0212f7249a83ce6d3b748e0"},
    {file = "zeroconf-0.150.0-cp313-cp313-manylinux_2_31_riscv64.manylinux_2_39_riscv64.whl", hash = "sha256:bc160b8ba6a2420d665fb677c37fd2ab006141344bbf92abea72328bfd38bd3b"},
    {file = "zeroconf-0.150.0-cp313-cp313-musllinux_1_2_aarch64.whl", hash = "sha256:33843e0317bff2e03e56e246c3f25aab72ddb0a704f05bd792a4e78bdb5db801"},
    {file = "zeroconf-0.150.0-cp313-cp313-musllinux_1_2_armv7l.whl", hash = "sha256:024b00e64aae022ac6bdd7fe5afdabae570937c10d1242438ca04a4c62dfcd17"},
    {file = "zeroconf-0.150.0-cp313-cp313-musllinux_1_2_riscv64.whl", hash = "sha256:2ee2297e383ac21193d84982e714029eafec470926315ab78b27a024858e4e5d"},
    {file = "zeroconf-0.150.0-cp313-cp313-musllinux_1_2_x86_64.whl", hash = "sha256:2a03d493c3e9c4b4a5aaaf0408da7c025ed014f3c3df639cdd2c6cb518c42b4b"},
    {file = "zeroconf-0.150.0-cp313-cp313-win32.whl", hash = "sha256:dc054a6b7772ec97fe215e8f8f35f43509cc9f1bf909791fe003acbaa78fd9b2"},
    {file = "zeroconf-0.150.0-cp313-cp313-win_amd64.whl", hash = "sha256:122c6bec1f462c0feaa7f8fe4a4bc605f5c0d8f8e82e2ebd5aeae48a24da4564"},
    {file = "zeroconf-0.150.0-cp314-cp314-macosx_11_0_arm64.whl", hash = "sha256:dcfba6f9d344ade1f60aa8b5621a2fa8f65fbe740edc40b05627516bc55eec8f"},
    {file = "zeroconf-0.150.0-cp314-cp314-manylinux2014_aarch64.manylinux_2_17_aarch64.manylinux_2_28_aarch64.whl", hash = "sha256:31832790ed1bcf829b91d4697c6497fade20dbe1094c35d10d5af456cd0e8360"},
    {file = "zeroconf-0.150.0-cp314-cp314-manylinux2014_armv7l.manylinux_2_17_armv7l.manylinux_2_31_armv7l.whl", hash = "sha256:9ed611401d1e39f7d27e9cec8ef0b06fffad06955cc3c54714075b037d7b6a8b"},
    {file = "zeroconf-0.150.0-cp314-cp314-manylinux2014_x86_64.manylinux_2_17_x86_64.manylinux_2_28_x86_64.whl", hash = "sha256:0aac92f26cfe8075d6e210e5edb8194cc0b1d16eecdcdb04f31056a14cbc6466"},
    {file = "zeroconf-0.150.0-cp314-cp314-manylinux_2_31_riscv64.manylinux_2_39_riscv64.whl", hash = "sha256:2fdaffee6f71432c64b609ade44e48763484b6084c7954eafeeff0cf4dbc4aef"},
    {file = "zeroconf-0.150.0-cp314-cp314-manylinux_2_41_x86_64.whl", hash = "sha256:2bce10cb490119ad051f3caf74088317fec9f5e9acbe36e3690abe8d3de2ac31"},
    {file = "zeroconf-0.150.0-cp314-cp314-musllinux_1_2_aarch64.whl", hash = "sha256:048533286135c467a3bb90a268a9ca3ee3b98c3809d0106359e4d4c0e375e8ad"},
    {file = "zeroconf-0.150.0-cp314-cp314-musllinux_1_2_armv7l.whl", hash = "sha256:12f14afb42c08b8365d638ba2a01e5a73641dc8d5433fcdf8751d636210db053"},
    {file = "zeroconf-0.150.0-cp314-cp314-musllinux_1_2_riscv64.whl", hash = "sha256:cf19d67827af63c54175ef76a62a004734c0d18ac67ff383a5df36c26049707e"},
    {file = "zeroconf-0.150.0-cp314-cp314-musllinux_1_2_x86_64.whl", hash = "sha256:49ae4f9109b2b7aa04fd75677ce33d552bb3db6f9e757acc6e2f6a547cbe26b2"},
    {file = "zeroconf-0.150.0-cp314-cp314-win32.whl", hash = "sha256:afad9aae3a10c4e54a0b55925c29b9d82d1e807f996e5e106a2b2fade6a9e3cc"},
    {file = "zeroconf-0.150.0-cp314-cp314-win_amd64.whl", hash = "sha256:cd09bf1242af33769c88e1f0236ce52f6c74144a741c848fe38a79e68df80414"},
    {file = "zeroconf-0.150.0-cp314-cp314t-macosx_11_0_arm64.whl", hash = "sha256:fed39ccd107ee219ad805ee4c38dca253effc1c96541b4954dee3c70dca13a71"},
    {file = "zeroconf-0.150.0-cp314-cp314t-manylinux2014_aarch64.manylinux_2_17_aarch64.manylinux_2_28_aarch64.whl", hash = "sha256:55d0c37be291364268688fe5dcd33bd5156f669289bb9b71a23b041ca53c9017"},
    {file = "zeroconf-0.150.0-cp314-cp314t-manylinux2014_armv7l.manylinux_2_17_armv7l.manylinux_2_31_armv7l.whl", hash = "sha256:b97234eda197d4243d859b64004d175de76353dbca17527d11705f841fb02977"},
    {file = "zeroconf-0.150.0-cp314-cp314t-manylinux2014_x86_64.manylinux_2_17_x86_64.manylinux_2_28_x86_64.whl", hash = "sha256:01a31f0ec4bc3f125ae541fb96259a081f3f83d201f1fca59929155b90185df4"},
    {file = "zeroconf-0.150.0-cp314-cp314t-manylinux_2_31_riscv64.manylinux_2_39_riscv64.whl", hash = "sha256:7ee162b43e455043e22753cdc1fae0f2990d3fe3767f2e88695fb92273d7229b"},
    {file = "zeroconf-0.150.0-cp314-cp314t-musllinux_1_2_aarch64.whl", hash = "sha256:178b6141e34a777593a16b8bf986b2d7ae806e47849a3ad517597f63bcaade47"},
    {file = "zeroconf-0.150.0-cp314-cp314t-musllinux_1_2_armv7l.whl", hash = "sha256:410e30a80db9b73bfdee3c54dfe306ebb140e053dfe3b28cefd54756a19a73fe"},
    {file = "zeroconf-0.150.0-cp314-cp314t-musllinux_1_2_riscv64.whl", hash = "sha256:c539950bba739bc3980dd0f01187637e6237ada8bd70d64f93d8eb5eb2837a7b"},
    {file = "zeroconf-0.150.0-cp314-cp314t-musllinux_1_2_x86_64.whl", hash = "sha256:c8ccc9e1772ce0030f77e6a49542e9b7ca4e8ae9ce1bef84a3a983be68ddf81c"},
    {file = "zeroconf-0.150.0-cp314-cp314t-win32.whl", hash = "sha256:576e72a9e9140d96ae110ceb0935f06fa41eeea8b2be53e442a6a00c84035194"},
    {file = "zeroconf-0.150.0-cp314-cp314t-win_amd64.whl", hash = "sha256:bdae152e80b848117691ab59aa8b16bf15323c0e9f3ddc38c6345af95a700a84"},
    {file = "zeroconf-0.150.0.tar.gz", hash = "sha256:a5fe7feab1de6ef5e541e0a3d07e534fd91629b813fc27281593584100f63164"},
]

[package.dependencies]
ifaddr = ">=0.1.7"

[metadata]
lock-version = "2.1"
python-versions = "~3.12"
content-hash = "9d9503389fa238c92243d5500d43c1ab9bba649dfd1861210b9b585ba54639a5"
